schema-lock 1
package wide

fixed table Caption layout=0x0b39b261710754bd
    field title id=0xda31296c0c1b6029 kind=33 width=20
    field line id=0xbf4ba5ad694f5907 kind=13 width=16
    field lines id=0x5ce3f9a9f1d5001c kind=14 width=52
    field body id=0xcd4de79bc6c93295 kind=15 width=20

fixed table Stamp layout=0xd51d26312597dd48
    field label id=0x39f7fcec8fcb623d kind=33 width=16
    field seq id=0x823b8a195ce2133c kind=8 width=4
