schema-lock 4
package scalardemo

fixed table SimState layout=0x8ed3667ea95da031
    field tilt id=0x1e5088ef2e9bafc6 kind=20 width=1 default=0 min=-8 max=7 frac=4
    field angle id=0x401ab8cd06158638 kind=22 width=4 default=0 min=-180 max=180 frac=16
    field position id=0x4cbf3a26fca1d74a kind=23 width=8 default=0 min=-30000 max=30000 frac=16
    field reach id=0x891da1f305deb858 kind=24 width=16 default=0 min=-1000000 max=1000000 frac=16
    field ticks id=0x7fd9266c6a3e25b5 kind=22 width=4 default=0 min=0 max=1000000 frac=0
    field ratio id=0xfbc924118177ade4 kind=25 width=1 default=0 min=0 max=15 frac=4
    field speed id=0x2281498aa0200e40 kind=27 width=4 default=0 min=0 max=1000 frac=16
    field span id=0x8b7dc019093cd0e1 kind=28 width=8 default=0 min=0 max=281474976710655 frac=16
    field mass id=0x1f3757a2ce7b0ab1 kind=29 width=16 default=0 min=0 max=2000000 frac=16
    field frames id=0x23e5906728b4e66f kind=27 width=4 default=0 min=0 max=4294967295 frac=0
    field flux id=0xd61bdd7908af2642 kind=18 width=16 default=0 min=-1267650600228229401496703205376 max=1267650600228229401496703205376
    field energy id=0xf2fd4f9140ef2f15 kind=18 width=16 default=-250 min=-5000000000 max=5000000000
    field entity_id id=0x23fcfd6678e36712 kind=19 width=16 default=0
    field scale id=0x6aacb9fbb71a1d91 kind=22 width=4 default=65536 min=-8 max=8 frac=16
    field samples id=0xe3b1ca6a3b48dddc kind=14 width=12 default=born:0 min=-8 max=8 frac=16 elem=22/4
    field weights id=0xb1494b6ef08a411e kind=14 width=12 default=born:0 min=0 max=100 frac=8 elem=26/2
    field axes id=0x32969e840d9c67b8 kind=16 width=24 default=born:0 min=-100 max=100 frac=32
    field seeds id=0x5af1ac301b4ae16d kind=14 width=36 default=born:0 elem=19/16
    field pose id=0x8c2fd80da8957064 kind=13 width=24 default=zero held=Pose@0x650bf5ab768f3a23
    field spawn id=0x4328f78ab20e1f98 kind=13 width=25 default=zero held=Pose@0x650bf5ab768f3a23 optional

type Pose layout=0x650bf5ab768f3a23
    field x id=0xaf63f54c86021707 kind=23 width=8 default=32768 min=-30000 max=30000 frac=16
    field y id=0xaf63f44c86021554 kind=23 width=8 default=0 min=-30000 max=30000 frac=16
    field heading id=0xb128829190ca0f75 kind=27 width=4 default=0 min=0 max=360 frac=16

enum Axis values=0x795c3f7739e9c073
    variant X
    variant Y
    variant Z
