schema-lock 7
package blockhome

fixed table PartFrame layout=0x813adae25ebe23c0 lineage=0x68ad1a2a7aff9f9e
    field version id=0xbb62c62c9808ea37 kind=9 width=8 default=0
    field parts id=0x0c519da7a1f958c5 kind=14 width=11268 default=born:0 held=PartRow@0xfe4f5db639a062d6 elem=13/352 bound=32 shape=counted
    lineage wire=0xa6bf965bfbe5ce4e record=10892 bytes=1c000000b12f3a9efdb7a17c0d8c2a00000200000037ea08982cc662bb090800000000000000c558f9a1a79d510c0e842a00000100000000000000000000000d54010000040000009491697eb68899d10d1f00000004000000384b9e6e568c8b530d0d0000000300000015f3b425ca65aedb0b0800000000000000e061319868756f02080400000000000000568c7629ec9fe38406010000000000000003e7ddbf1f5de64c0d0d0000000300000015f3b425ca65aedb0b0800000000000000e061319868756f02080400000000000000568c7629ec9fe384060100000000000000d0f45ffebeec794e0a04000000000000008959b62eef846f1e060100000000000000aa44cdc048b6db400d30010000040000007fdbc3b0a68c0b260e040100000100000000000000000000000d080000000200000051b660d39a05ce8e080400000000000000483d345369be2cdc0a0400000000000000bcf687a05a10993c0e240000000100000000000000000000000d080000000200000051b660d39a05ce8e080400000000000000483d345369be2cdc0a04000000000000008624a58e72649bad0a0400000000000000026e258031e59bbd080400000000000000045141336b20d604080400000000000000d131fef61816776a060100000000000000

fixed table PartRow layout=0xfe4f5db639a062d6 lineage=0xfb0f2a87bacee04d
    field armor id=0xd19988b67e699194 kind=13 width=40 default=zero held=ArmorConfig@0xde232a6687ea65a3
    field gunner id=0x40dbb648c0cd44aa kind=13 width=304 default=zero held=GunnerSettings@0x87b77965a9d88e87
    field part_id id=0x04d6206b33415104 kind=8 width=4 default=0
    field slot id=0x6a771618f6fe31d1 kind=6 width=1 default=0
    lineage wire=0x77235ae96f13007c record=340 bytes=19000000f0b140262861c4270d54010000040000009491697eb68899d10d1f00000004000000384b9e6e568c8b530d0d0000000300000015f3b425ca65aedb0b0800000000000000e061319868756f02080400000000000000568c7629ec9fe38406010000000000000003e7ddbf1f5de64c0d0d0000000300000015f3b425ca65aedb0b0800000000000000e061319868756f02080400000000000000568c7629ec9fe384060100000000000000d0f45ffebeec794e0a04000000000000008959b62eef846f1e060100000000000000aa44cdc048b6db400d30010000040000007fdbc3b0a68c0b260e040100000100000000000000000000000d080000000200000051b660d39a05ce8e080400000000000000483d345369be2cdc0a0400000000000000bcf687a05a10993c0e240000000100000000000000000000000d080000000200000051b660d39a05ce8e080400000000000000483d345369be2cdc0a04000000000000008624a58e72649bad0a0400000000000000026e258031e59bbd080400000000000000045141336b20d604080400000000000000d131fef61816776a060100000000000000

type ArmorConfig layout=0xde232a6687ea65a3
    field front id=0x538b8c566e9e4b38 kind=13 width=16 default=zero held=ArmorPlate@0x79850006eca65f5b
    field rear id=0x4ce65d1fbfdde703 kind=13 width=16 default=zero held=ArmorPlate@0x79850006eca65f5b
    field rating id=0x4e79ecbefe5ff4d0 kind=10 width=4 default=0.0
    field tier id=0x1e6f84ef2eb65989 kind=6 width=1 default=0

type ArmorPlate layout=0x79850006eca65f5b
    field thickness id=0xdbae65ca25b4f315 kind=11 width=8 default=0.0
    field material id=0x026f7568983161e0 kind=8 width=4 default=0
    field layer id=0x84e39fec29768c56 kind=6 width=1 default=0

type FiringGroup layout=0x1a0b7db98e965100
    field barrel id=0x8ece059ad360b651 kind=8 width=4 default=0
    field cooldown id=0xdc2cbe6953343d48 kind=10 width=4 default=0.0

type GunnerSettings layout=0x87b77965a9d88e87
    field firing_groups id=0x260b8ca6b0c3db7f kind=14 width=260 default=born:0 held=FiringGroup@0x1a0b7db98e965100 elem=13/8 bound=32 shape=counted
    field missile_groups id=0x3c99105aa087f6bc kind=14 width=36 default=born:0 held=FiringGroup@0x1a0b7db98e965100 elem=13/8 bound=4 shape=counted
    field reload_seconds id=0xad9b64728ea52486 kind=10 width=4 default=0.0
    field gunner_id id=0xbd9be53180256e02 kind=8 width=4 default=0
