schema-lock 6
package vocab9demo

fixed table Wide00 layout=0xb94cf83e0cd8b930
    field field_00_00 id=0x0608e822268486dd kind=8 width=4 default=0
    field field_00_01 id=0x0608e7222684852a kind=8 width=4 default=0
    field field_00_02 id=0x0608e62226848377 kind=8 width=4 default=0
    field field_00_03 id=0x0608e522268481c4 kind=8 width=4 default=0
    field field_00_04 id=0x0608e42226848011 kind=8 width=4 default=0
    field field_00_05 id=0x0608e32226847e5e kind=8 width=4 default=0
    field field_00_06 id=0x0608e22226847cab kind=8 width=4 default=0
    field field_00_07 id=0x0608e12226847af8 kind=8 width=4 default=0
    field field_00_08 id=0x0608e02226847945 kind=8 width=4 default=0
    field field_00_09 id=0x0608df2226847792 kind=8 width=4 default=0
    field field_00_10 id=0x0605622226816d54 kind=8 width=4 default=0
    field field_00_11 id=0x0605632226816f07 kind=8 width=4 default=0
    field field_00_12 id=0x06056422268170ba kind=8 width=4 default=0

fixed table Wide01 layout=0x21d36688bd7d6629
    field field_01_00 id=0x5c6e9229c1ee10ec kind=8 width=4 default=0
    field field_01_01 id=0x5c6e9329c1ee129f kind=8 width=4 default=0
    field field_01_02 id=0x5c6e9429c1ee1452 kind=8 width=4 default=0
    field field_01_03 id=0x5c6e9529c1ee1605 kind=8 width=4 default=0
    field field_01_04 id=0x5c6e8e29c1ee0a20 kind=8 width=4 default=0
    field field_01_05 id=0x5c6e8f29c1ee0bd3 kind=8 width=4 default=0
    field field_01_06 id=0x5c6e9029c1ee0d86 kind=8 width=4 default=0
    field field_01_07 id=0x5c6e9129c1ee0f39 kind=8 width=4 default=0
    field field_01_08 id=0x5c6e9a29c1ee1e84 kind=8 width=4 default=0
    field field_01_09 id=0x5c6e9b29c1ee2037 kind=8 width=4 default=0
    field field_01_10 id=0x5c721829c1f12a75 kind=8 width=4 default=0
    field field_01_11 id=0x5c721729c1f128c2 kind=8 width=4 default=0
    field field_01_12 id=0x5c721629c1f1270f kind=8 width=4 default=0

fixed table Wide02 layout=0xad9ad49b1e90659a
    field field_02_00 id=0x89bb9c30246ce93b kind=8 width=4 default=0
    field field_02_01 id=0x89bb9b30246ce788 kind=8 width=4 default=0
    field field_02_02 id=0x89bb9e30246ceca1 kind=8 width=4 default=0
    field field_02_03 id=0x89bb9d30246ceaee kind=8 width=4 default=0
    field field_02_04 id=0x89bba030246cf007 kind=8 width=4 default=0
    field field_02_05 id=0x89bb9f30246cee54 kind=8 width=4 default=0
    field field_02_06 id=0x89bba230246cf36d kind=8 width=4 default=0
    field field_02_07 id=0x89bba130246cf1ba kind=8 width=4 default=0
    field field_02_08 id=0x89bb9430246cdba3 kind=8 width=4 default=0
    field field_02_09 id=0x89bb9330246cd9f0 kind=8 width=4 default=0
    field field_02_10 id=0x89b816302469cfb2 kind=8 width=4 default=0
    field field_02_11 id=0x89b817302469d165 kind=8 width=4 default=0
    field field_02_12 id=0x89b814302469cc4c kind=8 width=4 default=0

fixed table Wide03 layout=0x4045bb7bfce62d23
    field field_03_00 id=0x5f3da63b6dd5a9ea kind=8 width=4 default=0
    field field_03_01 id=0x5f3da73b6dd5ab9d kind=8 width=4 default=0
    field field_03_02 id=0x5f3da43b6dd5a684 kind=8 width=4 default=0
    field field_03_03 id=0x5f3da53b6dd5a837 kind=8 width=4 default=0
    field field_03_04 id=0x5f3da23b6dd5a31e kind=8 width=4 default=0
    field field_03_05 id=0x5f3da33b6dd5a4d1 kind=8 width=4 default=0
    field field_03_06 id=0x5f3da03b6dd59fb8 kind=8 width=4 default=0
    field field_03_07 id=0x5f3da13b6dd5a16b kind=8 width=4 default=0
    field field_03_08 id=0x5f3d9e3b6dd59c52 kind=8 width=4 default=0
    field field_03_09 id=0x5f3d9f3b6dd59e05 kind=8 width=4 default=0
    field field_03_10 id=0x5f410c3b6dd88d13 kind=8 width=4 default=0
    field field_03_11 id=0x5f410b3b6dd88b60 kind=8 width=4 default=0
    field field_03_12 id=0x5f410e3b6dd89079 kind=8 width=4 default=0

fixed table Wide04 layout=0xd8bc65639f389030
    field field_04_00 id=0x6078d04094e30c99 kind=8 width=4 default=0
    field field_04_01 id=0x6078cf4094e30ae6 kind=8 width=4 default=0
    field field_04_02 id=0x6078ce4094e30933 kind=8 width=4 default=0
    field field_04_03 id=0x6078cd4094e30780 kind=8 width=4 default=0
    field field_04_04 id=0x6078d44094e31365 kind=8 width=4 default=0
    field field_04_05 id=0x6078d34094e311b2 kind=8 width=4 default=0
    field field_04_06 id=0x6078d24094e30fff kind=8 width=4 default=0
    field field_04_07 id=0x6078d14094e30e4c kind=8 width=4 default=0
    field field_04_08 id=0x6078d84094e31a31 kind=8 width=4 default=0
    field field_04_09 id=0x6078d74094e3187e kind=8 width=4 default=0
    field field_04_10 id=0x6075ca4094e0cc90 kind=8 width=4 default=0
    field field_04_11 id=0x6075cb4094e0ce43 kind=8 width=4 default=0
    field field_04_12 id=0x6075cc4094e0cff6 kind=8 width=4 default=0

fixed table Wide05 layout=0xf6d92f3858ee3b88
    field field_05_00 id=0x37adda4bdfbd61c8 kind=8 width=4 default=0
    field field_05_01 id=0x37addb4bdfbd637b kind=8 width=4 default=0
    field field_05_02 id=0x37addc4bdfbd652e kind=8 width=4 default=0
    field field_05_03 id=0x37addd4bdfbd66e1 kind=8 width=4 default=0
    field field_05_04 id=0x37adde4bdfbd6894 kind=8 width=4 default=0
    field field_05_05 id=0x37addf4bdfbd6a47 kind=8 width=4 default=0
    field field_05_06 id=0x37ade04bdfbd6bfa kind=8 width=4 default=0
    field field_05_07 id=0x37ade14bdfbd6dad kind=8 width=4 default=0
    field field_05_08 id=0x37add24bdfbd5430 kind=8 width=4 default=0
    field field_05_09 id=0x37add34bdfbd55e3 kind=8 width=4 default=0
    field field_05_10 id=0x37b1604bdfc07b51 kind=8 width=4 default=0
    field field_05_11 id=0x37b15f4bdfc0799e kind=8 width=4 default=0
    field field_05_12 id=0x37b15e4bdfc077eb kind=8 width=4 default=0

fixed table Wide06 layout=0xf5292ae5a8460dd4
    field field_06_00 id=0x8e13a4537b272237 kind=8 width=4 default=0
    field field_06_01 id=0x8e13a3537b272084 kind=8 width=4 default=0
    field field_06_02 id=0x8e13a6537b27259d kind=8 width=4 default=0
    field field_06_03 id=0x8e13a5537b2723ea kind=8 width=4 default=0
    field field_06_04 id=0x8e13a0537b271b6b kind=8 width=4 default=0
    field field_06_05 id=0x8e139f537b2719b8 kind=8 width=4 default=0
    field field_06_06 id=0x8e13a2537b271ed1 kind=8 width=4 default=0
    field field_06_07 id=0x8e13a1537b271d1e kind=8 width=4 default=0
    field field_06_08 id=0x8e139c537b27149f kind=8 width=4 default=0
    field field_06_09 id=0x8e139b537b2712ec kind=8 width=4 default=0
    field field_06_10 id=0x8e101e537b2408ae kind=8 width=4 default=0
    field field_06_11 id=0x8e101f537b240a61 kind=8 width=4 default=0
    field field_06_12 id=0x8e101c537b240548 kind=8 width=4 default=0

fixed table Wide07 layout=0x78295fe482437f65
    field field_07_00 id=0xb9ad8e59dc342fa6 kind=8 width=4 default=0
    field field_07_01 id=0xb9ad8f59dc343159 kind=8 width=4 default=0
    field field_07_02 id=0xb9ad8c59dc342c40 kind=8 width=4 default=0
    field field_07_03 id=0xb9ad8d59dc342df3 kind=8 width=4 default=0
    field field_07_04 id=0xb9ad9259dc343672 kind=8 width=4 default=0
    field field_07_05 id=0xb9ad9359dc343825 kind=8 width=4 default=0
    field field_07_06 id=0xb9ad9059dc34330c kind=8 width=4 default=0
    field field_07_07 id=0xb9ad9159dc3434bf kind=8 width=4 default=0
    field field_07_08 id=0xb9ad9659dc343d3e kind=8 width=4 default=0
    field field_07_09 id=0xb9ad9759dc343ef1 kind=8 width=4 default=0
    field field_07_10 id=0xb9b11459dc37492f kind=8 width=4 default=0
    field field_07_11 id=0xb9b11359dc37477c kind=8 width=4 default=0
    field field_07_12 id=0xb9b11659dc374c95 kind=8 width=4 default=0

fixed table Wide08 layout=0x873005cb7127474a
    field field_08_00 id=0x26de17dcb256f565 kind=8 width=4 default=0
    field field_08_01 id=0x26de16dcb256f3b2 kind=8 width=4 default=0
    field field_08_02 id=0x26de15dcb256f1ff kind=8 width=4 default=0
    field field_08_03 id=0x26de14dcb256f04c kind=8 width=4 default=0
    field field_08_04 id=0x26de13dcb256ee99 kind=8 width=4 default=0
    field field_08_05 id=0x26de12dcb256ece6 kind=8 width=4 default=0
    field field_08_06 id=0x26de11dcb256eb33 kind=8 width=4 default=0
    field field_08_07 id=0x26de10dcb256e980 kind=8 width=4 default=0
    field field_08_08 id=0x26de1fdcb25702fd kind=8 width=4 default=0
    field field_08_09 id=0x26de1edcb257014a kind=8 width=4 default=0
    field field_08_10 id=0x26db11dcb254b55c kind=8 width=4 default=0
    field field_08_11 id=0x26db12dcb254b70f kind=8 width=4 default=0
    field field_08_12 id=0x26db13dcb254b8c2 kind=8 width=4 default=0

fixed table Wide09 layout=0xbaff14c508eba608
    field field_09_00 id=0xfbf3a1e7fb63bdb4 kind=8 width=4 default=0
    field field_09_01 id=0xfbf3a2e7fb63bf67 kind=8 width=4 default=0
    field field_09_02 id=0xfbf3a3e7fb63c11a kind=8 width=4 default=0
    field field_09_03 id=0xfbf3a4e7fb63c2cd kind=8 width=4 default=0
    field field_09_04 id=0xfbf39de7fb63b6e8 kind=8 width=4 default=0
    field field_09_05 id=0xfbf39ee7fb63b89b kind=8 width=4 default=0
    field field_09_06 id=0xfbf39fe7fb63ba4e kind=8 width=4 default=0
    field field_09_07 id=0xfbf3a0e7fb63bc01 kind=8 width=4 default=0
    field field_09_08 id=0xfbf399e7fb63b01c kind=8 width=4 default=0
    field field_09_09 id=0xfbf39ae7fb63b1cf kind=8 width=4 default=0
    field field_09_10 id=0xfbf6a7e7fb65fdbd kind=8 width=4 default=0
    field field_09_11 id=0xfbf6a6e7fb65fc0a kind=8 width=4 default=0
    field field_09_12 id=0xfbf6a5e7fb65fa57 kind=8 width=4 default=0

fixed table Wide10 layout=0xdce4302f3fa78748
    field field_10_00 id=0x768f8657129836da kind=8 width=4 default=0
    field field_10_01 id=0x768f87571298388d kind=8 width=4 default=0
    field field_10_02 id=0x768f845712983374 kind=8 width=4 default=0
    field field_10_03 id=0x768f855712983527 kind=8 width=4 default=0
    field field_10_04 id=0x768f82571298300e kind=8 width=4 default=0
    field field_10_05 id=0x768f8357129831c1 kind=8 width=4 default=0
    field field_10_06 id=0x768f805712982ca8 kind=8 width=4 default=0
    field field_10_07 id=0x768f815712982e5b kind=8 width=4 default=0
    field field_10_08 id=0x768f7e5712982942 kind=8 width=4 default=0
    field field_10_09 id=0x768f7f5712982af5 kind=8 width=4 default=0
    field field_10_10 id=0x7692ec57129b1a03 kind=8 width=4 default=0
    field field_10_11 id=0x7692eb57129b1850 kind=8 width=4 default=0
    field field_10_12 id=0x7692ee57129b1d69 kind=8 width=4 default=0

fixed table Wide11 layout=0xa80859d43bb4fa89
    field field_11_00 id=0x9f5a7c4bc7bde1ab kind=8 width=4 default=0
    field field_11_01 id=0x9f5a7b4bc7bddff8 kind=8 width=4 default=0
    field field_11_02 id=0x9f5a7e4bc7bde511 kind=8 width=4 default=0
    field field_11_03 id=0x9f5a7d4bc7bde35e kind=8 width=4 default=0
    field field_11_04 id=0x9f5a804bc7bde877 kind=8 width=4 default=0
    field field_11_05 id=0x9f5a7f4bc7bde6c4 kind=8 width=4 default=0
    field field_11_06 id=0x9f5a824bc7bdebdd kind=8 width=4 default=0
    field field_11_07 id=0x9f5a814bc7bdea2a kind=8 width=4 default=0
    field field_11_08 id=0x9f5a744bc7bdd413 kind=8 width=4 default=0
    field field_11_09 id=0x9f5a734bc7bdd260 kind=8 width=4 default=0
    field field_11_10 id=0x9f56f64bc7bac822 kind=8 width=4 default=0
    field field_11_11 id=0x9f56f74bc7bac9d5 kind=8 width=4 default=0
    field field_11_12 id=0x9f56f44bc7bac4bc kind=8 width=4 default=0

fixed table Wide12 layout=0x1aa3b5d8ca49d21b
    field field_12_00 id=0x9e1f3246a0b0489c kind=8 width=4 default=0
    field field_12_01 id=0x9e1f3346a0b04a4f kind=8 width=4 default=0
    field field_12_02 id=0x9e1f3446a0b04c02 kind=8 width=4 default=0
    field field_12_03 id=0x9e1f3546a0b04db5 kind=8 width=4 default=0
    field field_12_04 id=0x9e1f2e46a0b041d0 kind=8 width=4 default=0
    field field_12_05 id=0x9e1f2f46a0b04383 kind=8 width=4 default=0
    field field_12_06 id=0x9e1f3046a0b04536 kind=8 width=4 default=0
    field field_12_07 id=0x9e1f3146a0b046e9 kind=8 width=4 default=0
    field field_12_08 id=0x9e1f3a46a0b05634 kind=8 width=4 default=0
    field field_12_09 id=0x9e1f3b46a0b057e7 kind=8 width=4 default=0
    field field_12_10 id=0x9e223846a0b288a5 kind=8 width=4 default=0
    field field_12_11 id=0x9e223746a0b286f2 kind=8 width=4 default=0
    field field_12_12 id=0x9e223646a0b2853f kind=8 width=4 default=0

fixed table Wide13 layout=0xa0bae063b9a79713
    field field_13_00 id=0xc89d483b5747be4d kind=8 width=4 default=0
    field field_13_01 id=0xc89d473b5747bc9a kind=8 width=4 default=0
    field field_13_02 id=0xc89d463b5747bae7 kind=8 width=4 default=0
    field field_13_03 id=0xc89d453b5747b934 kind=8 width=4 default=0
    field field_13_04 id=0xc89d443b5747b781 kind=8 width=4 default=0
    field field_13_05 id=0xc89d433b5747b5ce kind=8 width=4 default=0
    field field_13_06 id=0xc89d423b5747b41b kind=8 width=4 default=0
    field field_13_07 id=0xc89d413b5747b268 kind=8 width=4 default=0
    field field_13_08 id=0xc89d403b5747b0b5 kind=8 width=4 default=0
    field field_13_09 id=0xc89d3f3b5747af02 kind=8 width=4 default=0
    field field_13_10 id=0xc899c23b5744a4c4 kind=8 width=4 default=0
    field field_13_11 id=0xc899c33b5744a677 kind=8 width=4 default=0
    field field_13_12 id=0xc899c43b5744a82a kind=8 width=4 default=0

fixed table Wide14 layout=0x96f095e58c71725e
    field field_14_00 id=0xd0ff6e7580f6bc96 kind=8 width=4 default=0
    field field_14_01 id=0xd0ff6f7580f6be49 kind=8 width=4 default=0
    field field_14_02 id=0xd0ff6c7580f6b930 kind=8 width=4 default=0
    field field_14_03 id=0xd0ff6d7580f6bae3 kind=8 width=4 default=0
    field field_14_04 id=0xd0ff727580f6c362 kind=8 width=4 default=0
    field field_14_05 id=0xd0ff737580f6c515 kind=8 width=4 default=0
    field field_14_06 id=0xd0ff707580f6bffc kind=8 width=4 default=0
    field field_14_07 id=0xd0ff717580f6c1af kind=8 width=4 default=0
    field field_14_08 id=0xd0ff767580f6ca2e kind=8 width=4 default=0
    field field_14_09 id=0xd0ff777580f6cbe1 kind=8 width=4 default=0
    field field_14_10 id=0xd102f47580f9d61f kind=8 width=4 default=0
    field field_14_11 id=0xd102f37580f9d46c kind=8 width=4 default=0
    field field_14_12 id=0xd102f67580f9d985 kind=8 width=4 default=0

fixed table Wide15 layout=0x82b854fa4ccaab55
    field field_15_00 id=0xcfc4447059e959e7 kind=8 width=4 default=0
    field field_15_01 id=0xcfc4437059e95834 kind=8 width=4 default=0
    field field_15_02 id=0xcfc4467059e95d4d kind=8 width=4 default=0
    field field_15_03 id=0xcfc4457059e95b9a kind=8 width=4 default=0
    field field_15_04 id=0xcfc4407059e9531b kind=8 width=4 default=0
    field field_15_05 id=0xcfc43f7059e95168 kind=8 width=4 default=0
    field field_15_06 id=0xcfc4427059e95681 kind=8 width=4 default=0
    field field_15_07 id=0xcfc4417059e954ce kind=8 width=4 default=0
    field field_15_08 id=0xcfc43c7059e94c4f kind=8 width=4 default=0
    field field_15_09 id=0xcfc43b7059e94a9c kind=8 width=4 default=0
    field field_15_10 id=0xcfc0be7059e6405e kind=8 width=4 default=0
    field field_15_11 id=0xcfc0bf7059e64211 kind=8 width=4 default=0
    field field_15_12 id=0xcfc0bc7059e63cf8 kind=8 width=4 default=0

fixed table Wide16 layout=0x3d8b9a957fd4d73e
    field field_16_00 id=0xf88f3a650f0f04b8 kind=8 width=4 default=0
    field field_16_01 id=0xf88f3b650f0f066b kind=8 width=4 default=0
    field field_16_02 id=0xf88f3c650f0f081e kind=8 width=4 default=0
    field field_16_03 id=0xf88f3d650f0f09d1 kind=8 width=4 default=0
    field field_16_04 id=0xf88f3e650f0f0b84 kind=8 width=4 default=0
    field field_16_05 id=0xf88f3f650f0f0d37 kind=8 width=4 default=0
    field field_16_06 id=0xf88f40650f0f0eea kind=8 width=4 default=0
    field field_16_07 id=0xf88f41650f0f109d kind=8 width=4 default=0
    field field_16_08 id=0xf88f32650f0ef720 kind=8 width=4 default=0
    field field_16_09 id=0xf88f33650f0ef8d3 kind=8 width=4 default=0
    field field_16_10 id=0xf892c0650f121e41 kind=8 width=4 default=0
    field field_16_11 id=0xf892bf650f121c8e kind=8 width=4 default=0
    field field_16_12 id=0xf892be650f121adb kind=8 width=4 default=0

fixed table Wide17 layout=0x6506d36c63c22ae7
    field field_17_00 id=0xa229705d73a54449 kind=8 width=4 default=0
    field field_17_01 id=0xa2296f5d73a54296 kind=8 width=4 default=0
    field field_17_02 id=0xa2296e5d73a540e3 kind=8 width=4 default=0
    field field_17_03 id=0xa2296d5d73a53f30 kind=8 width=4 default=0
    field field_17_04 id=0xa229745d73a54b15 kind=8 width=4 default=0
    field field_17_05 id=0xa229735d73a54962 kind=8 width=4 default=0
    field field_17_06 id=0xa229725d73a547af kind=8 width=4 default=0
    field field_17_07 id=0xa229715d73a545fc kind=8 width=4 default=0
    field field_17_08 id=0xa229785d73a551e1 kind=8 width=4 default=0
    field field_17_09 id=0xa229775d73a5502e kind=8 width=4 default=0
    field field_17_10 id=0xa225ea5d73a22ac0 kind=8 width=4 default=0
    field field_17_11 id=0xa225eb5d73a22c73 kind=8 width=4 default=0
    field field_17_12 id=0xa225ec5d73a22e26 kind=8 width=4 default=0

fixed table Wide18 layout=0xd179cdc8c30ebb96
    field field_18_00 id=0x96f836119e0ead02 kind=8 width=4 default=0
    field field_18_01 id=0x96f837119e0eaeb5 kind=8 width=4 default=0
    field field_18_02 id=0x96f834119e0ea99c kind=8 width=4 default=0
    field field_18_03 id=0x96f835119e0eab4f kind=8 width=4 default=0
    field field_18_04 id=0x96f832119e0ea636 kind=8 width=4 default=0
    field field_18_05 id=0x96f833119e0ea7e9 kind=8 width=4 default=0
    field field_18_06 id=0x96f830119e0ea2d0 kind=8 width=4 default=0
    field field_18_07 id=0x96f831119e0ea483 kind=8 width=4 default=0
    field field_18_08 id=0x96f83e119e0eba9a kind=8 width=4 default=0
    field field_18_09 id=0x96f83f119e0ebc4d kind=8 width=4 default=0
    field field_18_10 id=0x96fb3c119e10ed0b kind=8 width=4 default=0
    field field_18_11 id=0x96fb3b119e10eb58 kind=8 width=4 default=0
    field field_18_12 id=0x96fb3e119e10f071 kind=8 width=4 default=0

fixed table Wide19 layout=0xb50de374dd14e94f
    field field_19_00 id=0x3f4bec0a018f5073 kind=8 width=4 default=0
    field field_19_01 id=0x3f4beb0a018f4ec0 kind=8 width=4 default=0
    field field_19_02 id=0x3f4bee0a018f53d9 kind=8 width=4 default=0
    field field_19_03 id=0x3f4bed0a018f5226 kind=8 width=4 default=0
    field field_19_04 id=0x3f4bf00a018f573f kind=8 width=4 default=0
    field field_19_05 id=0x3f4bef0a018f558c kind=8 width=4 default=0
    field field_19_06 id=0x3f4bf20a018f5aa5 kind=8 width=4 default=0
    field field_19_07 id=0x3f4bf10a018f58f2 kind=8 width=4 default=0
    field field_19_08 id=0x3f4bf40a018f5e0b kind=8 width=4 default=0
    field field_19_09 id=0x3f4bf30a018f5c58 kind=8 width=4 default=0
    field field_19_10 id=0x3f48860a018c6d4a kind=8 width=4 default=0
    field field_19_11 id=0x3f48870a018c6efd kind=8 width=4 default=0
    field field_19_12 id=0x3f48840a018c69e4 kind=8 width=4 default=0
