schema-lock 7
package backenddemo

fixed table Envelope layout=0x125e9935bea05e7e lineage=0x667d20f05e2cd13f
    field payload id=0xcfb8a9d063b5e9e5 kind=15 width=176 default=zero held=Payload@0xc8ef83649a1d99a5
    lineage wire=0xa7683980ddf8ade7 record=139 bytes=1d00000035e6b3c00f5288200d8b00000001000000e5e9b563d0a9b8cf0f8b00000003000000d2298fe1b65dc7030d310000000400000038c48d74ffe34ac10908000000000000000dfa34688b0f86260e24000000010000000000000000000000060100000000000000f9080bbd37d565b8080400000000000000dd240af523a655c71e0100000004000000b01eb5b5072b2009200000000000000000cf5a96b5075ffb08200000000000000000243cd2e88bdf380b20000000000000000059bed5b5070f4609200000000000000000c47867d77ccd519b0d8a00000002000000266814ba79e336f3090800000000000000298b551875ace3980e820000000100000000000000000000000d0d0000000300000038c48d74ffe34ac1090800000000000000f524f6e7fb630ec1040400000000000000204a75304802a398060100000000000000c2f098556fe9a80b0d320000000500000038c48d74ffe34ac10908000000000000001a4de85c199a42820c24000000000000001897806bf58b76a306010000000000000040882aff5c8845a708040000000000000016d40a899bfba5751e010000000400000007ec28db19b1ee61200000000000000000c7f87b8e19177dd9200000000000000000546a0a98196582ea200000000000000000cae8a8d71977ed5a200000000000000000 digest=520000000000000000a0860100000000005201000000000000000a000000000000005201000000000000006300000000000000

fixed table LoginRequest layout=0x96571a060146fd73 lineage=0xba9a43e5b9b34dbc
    field player_id id=0xc14ae3ff748dc438 kind=9 width=8 default=0
    field session_token id=0x26860f8b6834fa0d kind=14 width=36 default=bytes: elem=6/1 cap=32
    field client_build id=0xb865d537bd0b08f9 kind=8 width=4 default=0
    field region id=0xc755a623f50a24dd kind=7 width=1 default=variant:None held=Region@0xc06757fb8ef01643
    lineage wire=0xa3d7f756c19cac10 record=49 bytes=0a0000003fa5b6b0dc9eac160d310000000400000038c48d74ffe34ac10908000000000000000dfa34688b0f86260e24000000010000000000000000000000060100000000000000f9080bbd37d565b8080400000000000000dd240af523a655c71e0100000004000000b01eb5b5072b2009200000000000000000cf5a96b5075ffb08200000000000000000243cd2e88bdf380b20000000000000000059bed5b5070f4609200000000000000000

fixed table MatchResult layout=0x63a26b06f1ae3621 lineage=0xcfaf12ac24c70939
    field match_id id=0xf336e379ba146826 kind=9 width=8 default=0
    field players id=0x98e3ac7518558b29 kind=14 width=160 default=born:0 held=PlayerRow@0x2b7e49e62ce171dd elem=13/16 bound=10 shape=fixed
    lineage wire=0x15199820fe3dbf99 record=138 bytes=070000003f4cef5a0c54e9670d8a00000002000000266814ba79e336f3090800000000000000298b551875ace3980e820000000100000000000000000000000d0d0000000300000038c48d74ffe34ac1090800000000000000f524f6e7fb630ec1040400000000000000204a75304802a398060100000000000000 digest=520000000000000000a0860100000000005201000000000000000a00000000000000

fixed table PlayerRow layout=0x2b7e49e62ce171dd lineage=0xd2eae5450dbb9a81
    field player_id id=0xc14ae3ff748dc438 kind=9 width=8 default=0
    field score id=0xc10e63fbe7f624f5 kind=4 width=4 default=0 min=0 max=100000
    field placement id=0x98a3024830754a20 kind=6 width=1 default=1 min=1 max=10
    lineage wire=0x8d2febb1e37c9e36 record=13 bytes=0400000024c3f5f6a941b2230d0d0000000300000038c48d74ffe34ac1090800000000000000f524f6e7fb630ec1040400000000000000204a75304802a398060100000000000000 digest=520000000000000000a0860100000000005201000000000000000a00000000000000

fixed table StorePurchase layout=0x17b3d30a1a710a56 lineage=0x89480aa2ae7d0bd7
    field player_id id=0xc14ae3ff748dc438 kind=9 width=8 default=0
    field sku id=0x82429a195ce84d1a kind=12 width=40 default=bytes: cap=32
    field quantity id=0xa3768bf56b809718 kind=6 width=1 default=1 min=1 max=99
    field price_minor id=0xa745885cff2a8840 kind=8 width=4 default=0
    field currency id=0x75a5fb9b890ad416 kind=7 width=1 default=variant:None held=Currency@0x9869f7d0d2752133
    lineage wire=0xccd9b7d543d87d33 record=50 bytes=0a00000075c23f6a372e36180d320000000500000038c48d74ffe34ac10908000000000000001a4de85c199a42820c24000000000000001897806bf58b76a306010000000000000040882aff5c8845a708040000000000000016d40a899bfba5751e010000000400000007ec28db19b1ee61200000000000000000c7f87b8e19177dd9200000000000000000546a0a98196582ea200000000000000000cae8a8d71977ed5a200000000000000000 digest=5201000000000000006300000000000000

enum Currency values=0x9869f7d0d2752133
    variant USD
    variant EUR
    variant GBP
    variant JPY

enum Region values=0xc06757fb8ef01643
    variant NA
    variant EU
    variant APAC
    variant SA

union Payload values=0xc8ef83649a1d99a5
    arm login payload=LoginRequest@0x96571a060146fd73
    arm result payload=MatchResult@0x63a26b06f1ae3621
    arm purchase payload=StorePurchase@0x17b3d30a1a710a56
