schema-lock 7
package messagedemo

fixed table Edit layout=0x30c9afe78279d46d
    field revision id=0xd6a4dbc46c8e8658 kind=8 width=4 default=0
    field body id=0xcd4de79bc6c93295 kind=15 width=308 default=zero held=EditBody@0x190f2dc281cf7175
    lineage wire=0xceef5019807ec3c6 record=279 bytes=2c000000d1d3d12d6c2aef640d170100000200000058868e6cc4dba4d60804000000000000009532c9c69be74dcd0f13010000060000002862915987c671720d120100000500000068a945b5074e9c080d080000000200000007594f69ada54bbf08040000000000000087f28b628712535f0804000000000000007e409519eff404fa0c2400000000000000cf145a78fee4eab90f4900000004000000f2482b03e480677d0d1400000001000000861b638ebaadbcc40c14000000000000004a63043c2982fcac0d48000000020000007606d7eb0d2dc5030c440000000000000007594f69ada54bbf080400000000000000220160561970af77080400000000000000dd7c58d1bafbf83b0c0000000000000000743b118166d837440e960000000100000000000000000000000f4900000004000000f2482b03e480677d0d1400000001000000861b638ebaadbcc40c14000000000000004a63043c2982fcac0d48000000020000007606d7eb0d2dc5030c440000000000000007594f69ada54bbf080400000000000000220160561970af77080400000000000000dd7c58d1bafbf83b0c0000000000000000f33e6e3e9326e59d230700000001000000f33e6e3e9326e59d0e060000000100000000000000000000001e0100000002000000e56d69be2b540d742000000000000000005c01824217faf9782000000000000000007d451d6a533df8ff0d1000000001000000e1d03c0919c07d8b0d10000000020000001f25ad45ad975dee0d080000000200000007594f69ada54bbf08040000000000000087f28b628712535f0804000000000000000a5053f01803f0c20d080000000200000007594f69ada54bbf08040000000000000087f28b628712535f08040000000000000074a279448ee2e5b1040400000000000000296e72e1a4d47790070200000000000000ca4891c29bb373c50e0000000000000000b2ad1dc4a2eb3d0d1e0100000002000000e56d69be2b540d742000000000000000005c01824217faf978200000000000000000

fixed table InsertText layout=0x57e2f36dd3b65ab3
    field at id=0x089c4e07b545a968 kind=13 width=8 default=zero held=Cursor@0x1c6c4747ec7d22b6
    field text id=0xfa04f4ef1995407e kind=12 width=40 default=bytes: cap=32
    field origin id=0xb9eae4fe785a14cf kind=15 width=80 default=zero held=Origin@0x07bdae629c7dffea
    field origins id=0x4437d86681113b74 kind=14 width=164 default=born:0 held=Origin@0x07bdae629c7dffea elem=15/80 bound=2 shape=counted
    field modes id=0x9de526933e6e3ef3 kind=14 width=9 default=born:0 held=Mode@0xff134120cb6e4564 elem=7/1 optional bound=2 shape=counted
    lineage wire=0xb79c2d69c7d4d364 record=274 bytes=1b0000000f0d5e718685bcc20d120100000500000068a945b5074e9c080d080000000200000007594f69ada54bbf08040000000000000087f28b628712535f0804000000000000007e409519eff404fa0c2400000000000000cf145a78fee4eab90f4900000004000000f2482b03e480677d0d1400000001000000861b638ebaadbcc40c14000000000000004a63043c2982fcac0d48000000020000007606d7eb0d2dc5030c440000000000000007594f69ada54bbf080400000000000000220160561970af77080400000000000000dd7c58d1bafbf83b0c0000000000000000743b118166d837440e960000000100000000000000000000000f4900000004000000f2482b03e480677d0d1400000001000000861b638ebaadbcc40c14000000000000004a63043c2982fcac0d48000000020000007606d7eb0d2dc5030c440000000000000007594f69ada54bbf080400000000000000220160561970af77080400000000000000dd7c58d1bafbf83b0c0000000000000000f33e6e3e9326e59d230700000001000000f33e6e3e9326e59d0e060000000100000000000000000000001e0100000002000000e56d69be2b540d742000000000000000005c01824217faf978200000000000000000

fixed table OpenDocument layout=0xcfdcd7a04c518bc4
    field path id=0x03c52d0debd70676 kind=12 width=72 default=bytes: cap=64
    field mode id=0x0d3deba2c41dadb2 kind=7 width=1 default=variant:Read held=Mode@0xff134120cb6e4564
    field cursor id=0xf927453fbe6252ef kind=13 width=8 default=zero held=Cursor@0x1c6c4747ec7d22b6
    lineage wire=0xf1954fe809ff3467 record=77 bytes=0800000010bfc11c53aa5e4f0d4d000000030000007606d7eb0d2dc5030c4400000000000000b2ad1dc4a2eb3d0d1e0100000002000000e56d69be2b540d742000000000000000005c01824217faf978200000000000000000ef5262be3f4527f90d080000000200000007594f69ada54bbf08040000000000000087f28b628712535f080400000000000000

fixed table RemoveText layout=0xc5487d2191b647dc
    field span id=0x8b7dc019093cd0e1 kind=13 width=16 default=zero held=Selection@0xde26223e859e6221
    lineage wire=0x2229751598fd8bff record=16 bytes=08000000c66ecbd3cd0500c50d1000000001000000e1d03c0919c07d8b0d10000000020000001f25ad45ad975dee0d080000000200000007594f69ada54bbf08040000000000000087f28b628712535f0804000000000000000a5053f01803f0c20d080000000200000007594f69ada54bbf08040000000000000087f28b628712535f080400000000000000

fixed table SaveDocument layout=0x3988e05ac7004c2e
    field path id=0x03c52d0debd70676 kind=12 width=72 default=bytes: cap=64
    field force id=0xe75ad8afb3eeebe4 kind=1 width=1 default=false
    lineage wire=0xcb0776aa6c044299 record=69 bytes=03000000e1c1cac7033e5e290d45000000020000007606d7eb0d2dc5030c4400000000000000e4ebeeb3afd85ae7010100000000000000

fixed table Script layout=0x1d72d2f29c2e197d
    field path id=0x03c52d0debd70676 kind=12 width=72 default=bytes: cap=64
    field line id=0xbf4ba5ad694f5907 kind=8 width=4 default=0
    lineage wire=0xd588b514f822228f record=72 bytes=030000002ac93f163d5565950d48000000020000007606d7eb0d2dc5030c440000000000000007594f69ada54bbf080400000000000000

fixed table Selection layout=0xde26223e859e6221
    field start id=0xee5d97ad45ad251f kind=13 width=8 default=zero held=Cursor@0x1c6c4747ec7d22b6
    field end id=0xc2f00318f053500a kind=13 width=8 default=zero held=Cursor@0x1c6c4747ec7d22b6
    lineage wire=0x46becbf37e590518 record=16 bytes=0700000015baf857246580030d10000000020000001f25ad45ad975dee0d080000000200000007594f69ada54bbf08040000000000000087f28b628712535f0804000000000000000a5053f01803f0c20d080000000200000007594f69ada54bbf08040000000000000087f28b628712535f080400000000000000

fixed table ToolMessage layout=0xdd08e8bb15142492
    field sequence id=0xaa38aca481f528a8 kind=8 width=4 default=0
    field body id=0xcd4de79bc6c93295 kind=15 width=1640 default=zero held=ToolBody@0x7683873d105ccf9e
    field history id=0x33428945bbd5f2ff kind=14 width=3284 default=born:0 held=ToolBody@0x7683873d105ccf9e elem=15/1640 bound=2 shape=counted
    field trace id=0xdec59ea6c4eb9aee kind=14 width=233 default=born:0 held=Script@0x1d72d2f29c2e197d elem=13/76 optional bound=3 shape=counted
    field marks id=0x9077d4a4e1726e29 kind=14 width=3 default=born:0 held=Mode@0xff134120cb6e4564 elem=7/1 optional bound=2 shape=fixed
    lineage wire=0x886a1e5a4616948a record=4594 bytes=0b01000006a3a078db80920c0df211000005000000a828f581a4ac38aa0804000000000000009532c9c69be74dcd0fae05000008000000e9703663b4974ff80d4d000000030000007606d7eb0d2dc5030c4400000000000000b2ad1dc4a2eb3d0d1e0100000002000000e56d69be2b540d742000000000000000005c01824217faf978200000000000000000ef5262be3f4527f90d080000000200000007594f69ada54bbf08040000000000000087f28b628712535f080400000000000000287c85bf185e6a090d45000000020000007606d7eb0d2dc5030c4400000000000000e4ebeeb3afd85ae701010000000000000087f56fdcf4bb96ed0dad0500000500000039264f47f3d7e8650c1400000000000000e64975696bd078940e490300000100000000000000000000000d170100000200000058868e6cc4dba4d60804000000000000009532c9c69be74dcd0f13010000060000002862915987c671720d120100000500000068a945b5074e9c080d080000000200000007594f69ada54bbf08040000000000000087f28b628712535f0804000000000000007e409519eff404fa0c2400000000000000cf145a78fee4eab90f4900000004000000f2482b03e480677d0d1400000001000000861b638ebaadbcc40c14000000000000004a63043c2982fcac0d48000000020000007606d7eb0d2dc5030c440000000000000007594f69ada54bbf080400000000000000220160561970af77080400000000000000dd7c58d1bafbf83b0c0000000000000000743b118166d837440e960000000100000000000000000000000f4900000004000000f2482b03e480677d0d1400000001000000861b638ebaadbcc40c14000000000000004a63043c2982fcac0d48000000020000007606d7eb0d2dc5030c440000000000000007594f69ada54bbf080400000000000000220160561970af77080400000000000000dd7c58d1bafbf83b0c0000000000000000f33e6e3e9326e59d230700000001000000f33e6e3e9326e59d0e060000000100000000000000000000001e0100000002000000e56d69be2b540d742000000000000000005c01824217faf9782000000000000000007d451d6a533df8ff0d1000000001000000e1d03c0919c07d8b0d10000000020000001f25ad45ad975dee0d080000000200000007594f69ada54bbf08040000000000000087f28b628712535f0804000000000000000a5053f01803f0c20d080000000200000007594f69ada54bbf08040000000000000087f28b628712535f08040000000000000074a279448ee2e5b1040400000000000000296e72e1a4d47790070200000000000000ca4891c29bb373c50e0000000000000000b2ad1dc4a2eb3d0d1e0100000002000000e56d69be2b540d742000000000000000005c01824217faf9782000000000000000003c08b5eed6a0de520e260200000100000000000000000000000f13010000060000002862915987c671720d120100000500000068a945b5074e9c080d080000000200000007594f69ada54bbf08040000000000000087f28b628712535f0804000000000000007e409519eff404fa0c2400000000000000cf145a78fee4eab90f4900000004000000f2482b03e480677d0d1400000001000000861b638ebaadbcc40c14000000000000004a63043c2982fcac0d48000000020000007606d7eb0d2dc5030c440000000000000007594f69ada54bbf080400000000000000220160561970af77080400000000000000dd7c58d1bafbf83b0c0000000000000000743b118166d837440e960000000100000000000000000000000f4900000004000000f2482b03e480677d0d1400000001000000861b638ebaadbcc40c14000000000000004a63043c2982fcac0d48000000020000007606d7eb0d2dc5030c440000000000000007594f69ada54bbf080400000000000000220160561970af77080400000000000000dd7c58d1bafbf83b0c0000000000000000f33e6e3e9326e59d230700000001000000f33e6e3e9326e59d0e060000000100000000000000000000001e0100000002000000e56d69be2b540d742000000000000000005c01824217faf9782000000000000000007d451d6a533df8ff0d1000000001000000e1d03c0919c07d8b0d10000000020000001f25ad45ad975dee0d080000000200000007594f69ada54bbf08040000000000000087f28b628712535f0804000000000000000a5053f01803f0c20d080000000200000007594f69ada54bbf08040000000000000087f28b628712535f08040000000000000074a279448ee2e5b1040400000000000000296e72e1a4d47790070200000000000000ca4891c29bb373c50e0000000000000000b2ad1dc4a2eb3d0d1e0100000002000000e56d69be2b540d742000000000000000005c01824217faf9782000000000000000000477754d1cfa8a022309000000010000000477754d1cfa8a020e080000000100000000000000000000000804000000000000003a4081a65463dc992321000000010000003a4081a65463dc990e200000000100000000000000000000000d10000000020000001f25ad45ad975dee0d080000000200000007594f69ada54bbf08040000000000000087f28b628712535f0804000000000000000a5053f01803f0c20d080000000200000007594f69ada54bbf08040000000000000087f28b628712535f080400000000000000a90733c50de030bf0d0400000001000000d8c00dd6714ca973080400000000000000f85775e8906b5ab5090800000000000000166856b28afc7d43040400000000000000cf145a78fee4eab90f4900000004000000f2482b03e480677d0d1400000001000000861b638ebaadbcc40c14000000000000004a63043c2982fcac0d48000000020000007606d7eb0d2dc5030c440000000000000007594f69ada54bbf080400000000000000220160561970af77080400000000000000dd7c58d1bafbf83b0c00000000000000008276450519c223e7200000000000000000fff2d5bb458942330e600b00000100000000000000000000000fae05000008000000e9703663b4974ff80d4d000000030000007606d7eb0d2dc5030c4400000000000000b2ad1dc4a2eb3d0d1e0100000002000000e56d69be2b540d742000000000000000005c01824217faf978200000000000000000ef5262be3f4527f90d080000000200000007594f69ada54bbf08040000000000000087f28b628712535f080400000000000000287c85bf185e6a090d45000000020000007606d7eb0d2dc5030c4400000000000000e4ebeeb3afd85ae701010000000000000087f56fdcf4bb96ed0dad0500000500000039264f47f3d7e8650c1400000000000000e64975696bd078940e490300000100000000000000000000000d170100000200000058868e6cc4dba4d60804000000000000009532c9c69be74dcd0f13010000060000002862915987c671720d120100000500000068a945b5074e9c080d080000000200000007594f69ada54bbf08040000000000000087f28b628712535f0804000000000000007e409519eff404fa0c2400000000000000cf145a78fee4eab90f4900000004000000f2482b03e480677d0d1400000001000000861b638ebaadbcc40c14000000000000004a63043c2982fcac0d48000000020000007606d7eb0d2dc5030c440000000000000007594f69ada54bbf080400000000000000220160561970af77080400000000000000dd7c58d1bafbf83b0c0000000000000000743b118166d837440e960000000100000000000000000000000f4900000004000000f2482b03e480677d0d1400000001000000861b638ebaadbcc40c14000000000000004a63043c2982fcac0d48000000020000007606d7eb0d2dc5030c440000000000000007594f69ada54bbf080400000000000000220160561970af77080400000000000000dd7c58d1bafbf83b0c0000000000000000f33e6e3e9326e59d230700000001000000f33e6e3e9326e59d0e060000000100000000000000000000001e0100000002000000e56d69be2b540d742000000000000000005c01824217faf9782000000000000000007d451d6a533df8ff0d1000000001000000e1d03c0919c07d8b0d10000000020000001f25ad45ad975dee0d080000000200000007594f69ada54bbf08040000000000000087f28b628712535f0804000000000000000a5053f01803f0c20d080000000200000007594f69ada54bbf08040000000000000087f28b628712535f08040000000000000074a279448ee2e5b1040400000000000000296e72e1a4d47790070200000000000000ca4891c29bb373c50e0000000000000000b2ad1dc4a2eb3d0d1e0100000002000000e56d69be2b540d742000000000000000005c01824217faf9782000000000000000003c08b5eed6a0de520e260200000100000000000000000000000f13010000060000002862915987c671720d120100000500000068a945b5074e9c080d080000000200000007594f69ada54bbf08040000000000000087f28b628712535f0804000000000000007e409519eff404fa0c2400000000000000cf145a78fee4eab90f4900000004000000f2482b03e480677d0d1400000001000000861b638ebaadbcc40c14000000000000004a63043c2982fcac0d48000000020000007606d7eb0d2dc5030c440000000000000007594f69ada54bbf080400000000000000220160561970af77080400000000000000dd7c58d1bafbf83b0c0000000000000000743b118166d837440e960000000100000000000000000000000f4900000004000000f2482b03e480677d0d1400000001000000861b638ebaadbcc40c14000000000000004a63043c2982fcac0d48000000020000007606d7eb0d2dc5030c440000000000000007594f69ada54bbf080400000000000000220160561970af77080400000000000000dd7c58d1bafbf83b0c0000000000000000f33e6e3e9326e59d230700000001000000f33e6e3e9326e59d0e060000000100000000000000000000001e0100000002000000e56d69be2b540d742000000000000000005c01824217faf9782000000000000000007d451d6a533df8ff0d1000000001000000e1d03c0919c07d8b0d10000000020000001f25ad45ad975dee0d080000000200000007594f69ada54bbf08040000000000000087f28b628712535f0804000000000000000a5053f01803f0c20d080000000200000007594f69ada54bbf08040000000000000087f28b628712535f08040000000000000074a279448ee2e5b1040400000000000000296e72e1a4d47790070200000000000000ca4891c29bb373c50e0000000000000000b2ad1dc4a2eb3d0d1e0100000002000000e56d69be2b540d742000000000000000005c01824217faf9782000000000000000000477754d1cfa8a022309000000010000000477754d1cfa8a020e080000000100000000000000000000000804000000000000003a4081a65463dc992321000000010000003a4081a65463dc990e200000000100000000000000000000000d10000000020000001f25ad45ad975dee0d080000000200000007594f69ada54bbf08040000000000000087f28b628712535f0804000000000000000a5053f01803f0c20d080000000200000007594f69ada54bbf08040000000000000087f28b628712535f080400000000000000a90733c50de030bf0d0400000001000000d8c00dd6714ca973080400000000000000f85775e8906b5ab5090800000000000000166856b28afc7d43040400000000000000cf145a78fee4eab90f4900000004000000f2482b03e480677d0d1400000001000000861b638ebaadbcc40c14000000000000004a63043c2982fcac0d48000000020000007606d7eb0d2dc5030c440000000000000007594f69ada54bbf080400000000000000220160561970af77080400000000000000dd7c58d1bafbf83b0c00000000000000008276450519c223e7200000000000000000ee9aebc4a69ec5de23dd00000001000000ee9aebc4a69ec5de0edc0000000100000000000000000000000d48000000020000007606d7eb0d2dc5030c440000000000000007594f69ada54bbf080400000000000000296e72e1a4d47790230300000001000000296e72e1a4d477900e020000000100000000000000000000001e0100000002000000e56d69be2b540d742000000000000000005c01824217faf978200000000000000000

fixed table Transaction layout=0x66b94196bb8228e4
    field reason id=0x65e8d7f3474f2639 kind=12 width=24 default=bytes: cap=16
    field edits id=0x9478d06b697549e6 kind=14 width=940 default=born:0 held=Edit@0x30c9afe78279d46d elem=13/312 bound=3 shape=counted
    field pending id=0x52dea0d6eeb5083c kind=14 width=616 default=born:0 held=EditBody@0x190f2dc281cf7175 elem=15/308 bound=2 shape=fixed
    field checkpoints id=0x028afa1c4d757704 kind=14 width=9 default=born:0 elem=8/4 optional bound=2 shape=fixed
    field snapshots id=0x99dc6354a681403a kind=14 width=33 default=born:0 held=Selection@0xde26223e859e6221 elem=13/16 optional bound=2 shape=fixed
    lineage wire=0x89fccd05f05ae083 record=1453 bytes=6600000043f0ed04c57831ad0dad0500000500000039264f47f3d7e8650c1400000000000000e64975696bd078940e490300000100000000000000000000000d170100000200000058868e6cc4dba4d60804000000000000009532c9c69be74dcd0f13010000060000002862915987c671720d120100000500000068a945b5074e9c080d080000000200000007594f69ada54bbf08040000000000000087f28b628712535f0804000000000000007e409519eff404fa0c2400000000000000cf145a78fee4eab90f4900000004000000f2482b03e480677d0d1400000001000000861b638ebaadbcc40c14000000000000004a63043c2982fcac0d48000000020000007606d7eb0d2dc5030c440000000000000007594f69ada54bbf080400000000000000220160561970af77080400000000000000dd7c58d1bafbf83b0c0000000000000000743b118166d837440e960000000100000000000000000000000f4900000004000000f2482b03e480677d0d1400000001000000861b638ebaadbcc40c14000000000000004a63043c2982fcac0d48000000020000007606d7eb0d2dc5030c440000000000000007594f69ada54bbf080400000000000000220160561970af77080400000000000000dd7c58d1bafbf83b0c0000000000000000f33e6e3e9326e59d230700000001000000f33e6e3e9326e59d0e060000000100000000000000000000001e0100000002000000e56d69be2b540d742000000000000000005c01824217faf9782000000000000000007d451d6a533df8ff0d1000000001000000e1d03c0919c07d8b0d10000000020000001f25ad45ad975dee0d080000000200000007594f69ada54bbf08040000000000000087f28b628712535f0804000000000000000a5053f01803f0c20d080000000200000007594f69ada54bbf08040000000000000087f28b628712535f08040000000000000074a279448ee2e5b1040400000000000000296e72e1a4d47790070200000000000000ca4891c29bb373c50e0000000000000000b2ad1dc4a2eb3d0d1e0100000002000000e56d69be2b540d742000000000000000005c01824217faf9782000000000000000003c08b5eed6a0de520e260200000100000000000000000000000f13010000060000002862915987c671720d120100000500000068a945b5074e9c080d080000000200000007594f69ada54bbf08040000000000000087f28b628712535f0804000000000000007e409519eff404fa0c2400000000000000cf145a78fee4eab90f4900000004000000f2482b03e480677d0d1400000001000000861b638ebaadbcc40c14000000000000004a63043c2982fcac0d48000000020000007606d7eb0d2dc5030c440000000000000007594f69ada54bbf080400000000000000220160561970af77080400000000000000dd7c58d1bafbf83b0c0000000000000000743b118166d837440e960000000100000000000000000000000f4900000004000000f2482b03e480677d0d1400000001000000861b638ebaadbcc40c14000000000000004a63043c2982fcac0d48000000020000007606d7eb0d2dc5030c440000000000000007594f69ada54bbf080400000000000000220160561970af77080400000000000000dd7c58d1bafbf83b0c0000000000000000f33e6e3e9326e59d230700000001000000f33e6e3e9326e59d0e060000000100000000000000000000001e0100000002000000e56d69be2b540d742000000000000000005c01824217faf9782000000000000000007d451d6a533df8ff0d1000000001000000e1d03c0919c07d8b0d10000000020000001f25ad45ad975dee0d080000000200000007594f69ada54bbf08040000000000000087f28b628712535f0804000000000000000a5053f01803f0c20d080000000200000007594f69ada54bbf08040000000000000087f28b628712535f08040000000000000074a279448ee2e5b1040400000000000000296e72e1a4d47790070200000000000000ca4891c29bb373c50e0000000000000000b2ad1dc4a2eb3d0d1e0100000002000000e56d69be2b540d742000000000000000005c01824217faf9782000000000000000000477754d1cfa8a022309000000010000000477754d1cfa8a020e080000000100000000000000000000000804000000000000003a4081a65463dc992321000000010000003a4081a65463dc990e200000000100000000000000000000000d10000000020000001f25ad45ad975dee0d080000000200000007594f69ada54bbf08040000000000000087f28b628712535f0804000000000000000a5053f01803f0c20d080000000200000007594f69ada54bbf08040000000000000087f28b628712535f080400000000000000

fixed table User layout=0xc02a8f516086a873
    field name id=0xc4bcadba8e631b86 kind=12 width=24 default=bytes: cap=16
    lineage wire=0x353c49c5bfd611e4 record=20 bytes=02000000d293b801f0818fa40d1400000001000000861b638ebaadbcc40c1400000000000000

type Cursor layout=0x1c6c4747ec7d22b6
    field line id=0xbf4ba5ad694f5907 kind=8 width=4 default=0
    field column id=0x5f531287628bf287 kind=8 width=4 default=0

type Ping layout=0xa3b89594fbb34f54
    field nonce id=0x73a94c71d60dc0d8 kind=8 width=4 default=0

enum Mode values=0xff134120cb6e4564
    variant Read
    variant Write

flags Capabilities values=0x38384ef20e92e294
    variant Trace
    variant Verbose

union EditBody values=0x190f2dc281cf7175
    arm insert payload=InsertText@0x57e2f36dd3b65ab3
    arm remove payload=RemoveText@0xc5487d2191b647dc
    arm count payload=int32
    arm marks payload=[..3]uint16
    arm blob payload=bytes(4)
    arm mode payload=Mode@0xff134120cb6e4564

union Origin values=0x07bdae629c7dffea
    arm user payload=User@0xc02a8f516086a873
    arm script payload=Script@0x1d72d2f29c2e197d
    arm pid payload=uint32
    arm note payload=string(24)

union ToolBody values=0x7683873d105ccf9e
    arm open payload=OpenDocument@0xcfdcd7a04c518bc4
    arm save payload=SaveDocument@0x3988e05ac7004c2e
    arm transact payload=Transaction@0x66b94196bb8228e4
    arm ping payload=Ping@0xa3b89594fbb34f54
    arm caps payload=Capabilities@0x38384ef20e92e294
    arm spans payload=[2]int32
    arm origin payload=Origin@0x07bdae629c7dffea
    arm ack
