schema-lock 6
package listdemo

fixed table Bounded layout=0x3897f8ac09396382
    field items id=0x3e7884bf4f412c6f kind=14 width=36 default=born:0 held=Unit@0x3157106757693e8a elem=13/4 bound=8 shape=counted
    field tag id=0x56d7ab194448a4f3 kind=4 width=4 default=0

fixed table Item layout=0xf8efefb09ce745f7
    field count id=0xb1e5e28e4479a274 kind=4 width=4 default=0

fixed table LogEntry layout=0x8f1087a414b43276
    field tick id=0x1e7683ef2ebc7684 kind=8 width=4 default=0

fixed table Photo layout=0x1f8f993dd8576281
    field width id=0xdbdacd932fd1e9bf kind=8 width=4 default=0
    field height id=0x17720bf67d347222 kind=8 width=4 default=0

fixed table Placement layout=0x953ca25156f66168
    field x id=0xaf63f54c86021707 kind=10 width=4 default=0.0
    field y id=0xaf63f44c86021554 kind=10 width=4 default=0.0
    field model id=0x9de543933e6e703a kind=8 width=4 default=0

fixed table Point layout=0x03e9da69f262a7ed
    field x id=0xaf63f54c86021707 kind=4 width=4 default=0
    field y id=0xaf63f44c86021554 kind=4 width=4 default=0

fixed table Sample layout=0x3157106757693e8a
    field v id=0xaf63eb4c86020609 kind=4 width=4 default=0

fixed table Unit layout=0x3157106757693e8a
    field v id=0xaf63eb4c86020609 kind=4 width=4 default=0
