schema-lock 7
package blockdemo

fixed table PaddedFrame layout=0x280c0cb865881d4a
    field marker id=0xeddcb72b15486e77 kind=6 width=1 default=0
    field stamp id=0xee7ba9ad45c64144 kind=9 width=8 default=0
    field rows id=0xa3a7061ff10a8138 kind=14 width=4100 default=born:0 held=PaddedRow@0x225c3a5dbf6284d6 elem=13/64 bound=64 shape=counted
    field blob id=0xc573b39bc29148ca kind=14 width=16 default=bytes: elem=6/1 cap=12
    lineage wire=0x7b08b877a4f6e867 record=3229 bytes=17000000e0c31edec60e05bf0d9d0c000004000000776e48152bb7dced0601000000000000004441c645ada97bee09080000000000000038810af11f06a7a30e840c00000100000000000000000000000d3200000008000000f3a4484419abd756060100000000000000ea0ce83094fde47c0b0800000000000000170b8c0879d0f2d5010100000000000000c03a5cb5072eb7080804000000000000003d62cb8fecfcf7390c13000000000000004656eeb16b2e8ce60e080000000100000000000000000000000702000000000000006dfaa8a548b0aeba1004000000020000000c37201bfbdab1241e01000000040000007c1bacfe19def19f2000000000000000002d3e69c1a7d3f3ec2000000000000000001c3f95d58fd700cf200000000000000000b318320d7ec916c42000000000000000000000000000000000060100000000000000637c5116746c9777230500000001000000637c5116746c9777040400000000000000ca4891c29bb373c50e10000000010000000000000000000000060100000000000000

fixed table PaddedRow layout=0x225c3a5dbf6284d6
    field tag id=0x56d7ab194448a4f3 kind=6 width=1 default=0
    field value id=0x7ce4fd9430e80cea kind=11 width=8 default=0.0
    field flag id=0xd5f2d079088c0b17 kind=1 width=1 default=false
    field id id=0x08b72e07b55c3ac0 kind=8 width=4 default=0
    field label id=0x39f7fcec8fcb623d kind=12 width=20 default=bytes: cap=15
    field slots id=0xe68c2e6bb1ee5646 kind=14 width=8 default=born:0 elem=7/2 bound=4 shape=fixed
    field teams id=0xbaaeb048a5a8fa6d kind=16 width=4 default=born:0 elem=6/1 key=Team@0x8eb91b0f4cfa397d bound=4 shape=keyed
    field counter id=0x77976c7416517c63 kind=4 width=5 default=0 optional
    lineage wire=0x9683695abec5c762 record=50 bytes=11000000817520d648163a1d0d3200000008000000f3a4484419abd756060100000000000000ea0ce83094fde47c0b0800000000000000170b8c0879d0f2d5010100000000000000c03a5cb5072eb7080804000000000000003d62cb8fecfcf7390c13000000000000004656eeb16b2e8ce60e080000000100000000000000000000000702000000000000006dfaa8a548b0aeba1004000000020000000c37201bfbdab1241e01000000040000007c1bacfe19def19f2000000000000000002d3e69c1a7d3f3ec2000000000000000001c3f95d58fd700cf200000000000000000b318320d7ec916c42000000000000000000000000000000000060100000000000000637c5116746c9777230500000001000000637c5116746c9777040400000000000000

fixed table RenderCamera layout=0xbc6d7a94c6456443
    field position id=0x4cbf3a26fca1d74a kind=13 width=24 default=zero held=RenderVector3@0xd77965e30412b51d
    field rotation id=0xb51afb05cd34709f kind=13 width=32 default=zero held=RenderQuaternion@0x23322f19f5b78111
    field camera_id id=0x9f61700f084ab92e kind=8 width=4 default=0
    field camera_type id=0x336d3dc7fffd0c9b kind=8 width=4 default=0
    field target_object_id id=0x6a0c6a156952b9c2 kind=8 width=4 default=0
    field fov id=0xdcb27c18fed9e15c kind=10 width=4 default=0.0
    lineage wire=0x74ade5c3866f68d1 record=72 bytes=0e0000000603f3159db2c6110d48000000060000004ad7a1fc263abf4c0d1800000003000000071702864cf563af0b0800000000000000541502864cf463af0b08000000000000006d1a02864cf763af0b08000000000000009f7034cd05fb1ab50d2000000004000000071702864cf563af0b0800000000000000541502864cf463af0b08000000000000006d1a02864cf763af0b0800000000000000560402864cea63af0b08000000000000002eb94a080f70619f0804000000000000009b0cfdffc73d6d33080400000000000000c2b95269156a0c6a0804000000000000005ce1d9fe187cb2dc0a0400000000000000

fixed table RenderCosmeticProp layout=0x166dd4b3667d5956
    field position id=0x4cbf3a26fca1d74a kind=13 width=24 default=zero held=RenderVector3@0xd77965e30412b51d
    field rotation id=0xb51afb05cd34709f kind=13 width=32 default=zero held=RenderQuaternion@0x23322f19f5b78111
    field scale id=0x6aacb9fbb71a1d91 kind=11 width=8 default=0.0
    field flags id=0x17a3a1a985f75aec kind=9 width=8 default=0
    field cosmetic_prop_id id=0xb66e4449e56b2e26 kind=8 width=4 default=0
    field prop_sequence id=0x4d7bf73bcbddc228 kind=6 width=1 default=0
    field prop_type id=0xe5626f155e4c5dad kind=7 width=1 default=variant:None held=PropType@0x3b1763ed728049d9
    field team id=0xfa23d9ef19afc32c kind=7 width=1 default=variant:None held=Team@0x8eb91b0f4cfa397d
    lineage wire=0x72a2fa1985def98e record=79 bytes=170000006f6376e7babdf55f0d4f000000080000004ad7a1fc263abf4c0d1800000003000000071702864cf563af0b0800000000000000541502864cf463af0b08000000000000006d1a02864cf763af0b08000000000000009f7034cd05fb1ab50d2000000004000000071702864cf563af0b0800000000000000541502864cf463af0b08000000000000006d1a02864cf763af0b0800000000000000560402864cea63af0b0800000000000000911d1ab7fbb9ac6a0b0800000000000000ec5af785a9a1a317090800000000000000262e6be549446eb608040000000000000028c2ddcb3bf77b4d060100000000000000ad5d4c5e156f62e51e010000000300000034e274ef2b17a6ca20000000000000000053d65228acac984f2000000000000000001930ea44477e3a7f2000000000000000002cc3af19efd923fa1e01000000040000007c1bacfe19def19f2000000000000000002d3e69c1a7d3f3ec2000000000000000001c3f95d58fd700cf200000000000000000b318320d7ec916c4200000000000000000

fixed table RenderDynamicProp layout=0x4d9e74bf20f7abb4
    field position id=0x4cbf3a26fca1d74a kind=13 width=24 default=zero held=RenderVector3@0xd77965e30412b51d
    field rotation id=0xb51afb05cd34709f kind=13 width=32 default=zero held=RenderQuaternion@0x23322f19f5b78111
    field flags id=0x17a3a1a985f75aec kind=9 width=8 default=0
    field object_id id=0x0bdab42c07f19812 kind=8 width=4 default=0
    field object_sequence id=0x5de0015285763c46 kind=6 width=1 default=0
    field prop_type id=0xe5626f155e4c5dad kind=7 width=1 default=variant:None held=PropType@0x3b1763ed728049d9
    field team id=0xfa23d9ef19afc32c kind=7 width=1 default=variant:None held=Team@0x8eb91b0f4cfa397d
    lineage wire=0x79301f61e3f56e22 record=71 bytes=160000004701b41b0ed0a6cc0d47000000070000004ad7a1fc263abf4c0d1800000003000000071702864cf563af0b0800000000000000541502864cf463af0b08000000000000006d1a02864cf763af0b08000000000000009f7034cd05fb1ab50d2000000004000000071702864cf563af0b0800000000000000541502864cf463af0b08000000000000006d1a02864cf763af0b0800000000000000560402864cea63af0b0800000000000000ec5af785a9a1a3170908000000000000001298f1072cb4da0b080400000000000000463c76855201e05d060100000000000000ad5d4c5e156f62e51e010000000300000034e274ef2b17a6ca20000000000000000053d65228acac984f2000000000000000001930ea44477e3a7f2000000000000000002cc3af19efd923fa1e01000000040000007c1bacfe19def19f2000000000000000002d3e69c1a7d3f3ec2000000000000000001c3f95d58fd700cf200000000000000000b318320d7ec916c4200000000000000000

fixed table RenderExplosion layout=0x03659e6208adc3eb
    field position id=0x4cbf3a26fca1d74a kind=13 width=24 default=zero held=RenderVector3@0xd77965e30412b51d
    field rotation id=0xb51afb05cd34709f kind=13 width=32 default=zero held=RenderQuaternion@0x23322f19f5b78111
    field t id=0xaf63e94c860202a3 kind=11 width=8 default=0.0
    field explosion_id id=0xfd7f3fa0b16ed778 kind=8 width=4 default=0
    field parent_object_id id=0x0bee7b3cb4046c93 kind=8 width=4 default=0
    field explosion_type id=0xdc89eb9cd3393be5 kind=7 width=1 default=variant:None held=ExplosionType@0x551b0cc9b76d47b1
    field team id=0xfa23d9ef19afc32c kind=7 width=1 default=variant:None held=Team@0x8eb91b0f4cfa397d
    lineage wire=0xf71917b507eff722 record=74 bytes=15000000f8e5c985b538c70c0d4a000000070000004ad7a1fc263abf4c0d1800000003000000071702864cf563af0b0800000000000000541502864cf463af0b08000000000000006d1a02864cf763af0b08000000000000009f7034cd05fb1ab50d2000000004000000071702864cf563af0b0800000000000000541502864cf463af0b08000000000000006d1a02864cf763af0b0800000000000000560402864cea63af0b0800000000000000a30202864ce963af0b080000000000000078d76eb1a03f7ffd080400000000000000936c04b43c7bee0b080400000000000000e53b39d39ceb89dc1e0100000002000000ecebad52d9c82c3d20000000000000000034e68093f76e73c82000000000000000002cc3af19efd923fa1e01000000040000007c1bacfe19def19f2000000000000000002d3e69c1a7d3f3ec2000000000000000001c3f95d58fd700cf200000000000000000b318320d7ec916c4200000000000000000

fixed table RenderFrame layout=0x52189922eb4f37d9
    field version id=0xbb62c62c9808ea37 kind=9 width=8 default=0
    field cameras id=0x0f9222d2ba7aa2a7 kind=14 width=76 default=born:0 held=RenderCamera@0xbc6d7a94c6456443 elem=13/72 bound=1 shape=counted
    field ships id=0x294a5c4913e1ad44 kind=14 width=360452 default=born:0 held=RenderShip@0x5adf9bdf3466ad50 elem=13/88 bound=4096 shape=counted
    field turrets id=0x84f8260bc283608c kind=14 width=65540 default=born:0 held=RenderTurret@0xf5e2df000b75fb78 elem=13/64 bound=1024 shape=counted
    field missiles id=0x1c3027194b1ba4d0 kind=14 width=294916 default=born:0 held=RenderMissile@0xbea2e7b5ad141600 elem=13/72 bound=4096 shape=counted
    field dynamic_props id=0x43125398a9903d27 kind=14 width=294916 default=born:0 held=RenderDynamicProp@0x4d9e74bf20f7abb4 elem=13/72 bound=4096 shape=counted
    field static_props id=0xc1f8d7edff7fcfd2 kind=14 width=1600004 default=born:0 held=RenderStaticProp@0xdf27489ae411d7d3 elem=13/80 bound=20000 shape=counted
    field cosmetic_props id=0x33408e39f5f480ff kind=14 width=655364 default=born:0 held=RenderCosmeticProp@0x166dd4b3667d5956 elem=13/80 bound=8192 shape=counted
    field lasers id=0xd982b77b3e92d16d kind=14 width=2048004 default=born:0 held=RenderLaser@0xbad5e7c97ded7d8a elem=13/64 bound=32000 shape=counted
    field explosions id=0x876a8c1a85806a69 kind=14 width=2560004 default=born:0 held=RenderExplosion@0x03659e6208adc3eb elem=13/80 bound=32000 shape=counted
    lineage wire=0x1a03938777e5a824 record=7533108 bytes=c50000004e0fc33ffb49279b0d34f272000a00000037ea08982cc662bb090800000000000000a7a27abad222920f0e4c0000000100000000000000000000000d48000000060000004ad7a1fc263abf4c0d1800000003000000071702864cf563af0b0800000000000000541502864cf463af0b08000000000000006d1a02864cf763af0b08000000000000009f7034cd05fb1ab50d2000000004000000071702864cf563af0b0800000000000000541502864cf463af0b08000000000000006d1a02864cf763af0b0800000000000000560402864cea63af0b08000000000000002eb94a080f70619f0804000000000000009b0cfdffc73d6d33080400000000000000c2b95269156a0c6a0804000000000000005ce1d9fe187cb2dc0a040000000000000044ade113495c4a290e041005000100000000000000000000000d510000000b0000004ad7a1fc263abf4c0d1800000003000000071702864cf563af0b0800000000000000541502864cf463af0b08000000000000006d1a02864cf763af0b08000000000000009f7034cd05fb1ab50d2000000004000000071702864cf563af0b0800000000000000541502864cf463af0b08000000000000006d1a02864cf763af0b0800000000000000560402864cea63af0b0800000000000000ec5af785a9a1a3170908000000000000001298f1072cb4da0b080400000000000000c2b95269156a0c6a08040000000000000073cd0031cb87d5cf0a0400000000000000463c76855201e05d0601000000000000006872e7a2862e7d1f1e0100000003000000c28552c1c3f711d02000000000000000008acb54c5a16a21a8200000000000000000db230ed0a321236c2000000000000000002cc3af19efd923fa1e01000000040000007c1bacfe19def19f2000000000000000002d3e69c1a7d3f3ec2000000000000000001c3f95d58fd700cf200000000000000000b318320d7ec916c4200000000000000000710122a145fa541501010000000000000081cbb9a17be95b4d0101000000000000008c6083c20b26f8840e04ec00000100000000000000000000000d3b000000090000009f7034cd05fb1ab50d2000000004000000071702864cf563af0b0800000000000000541502864cf463af0b08000000000000006d1a02864cf763af0b0800000000000000560402864cea63af0b0800000000000000ec5af785a9a1a3170908000000000000001298f1072cb4da0b080400000000000000936c04b43c7bee0b080400000000000000541f54ed6a1aa188080400000000000000c2b95269156a0c6a080400000000000000463c76855201e05d0601000000000000002cc3af19efd923fa1e01000000040000007c1bacfe19def19f2000000000000000002d3e69c1a7d3f3ec2000000000000000001c3f95d58fd700cf200000000000000000b318320d7ec916c4200000000000000000710122a145fa5415010100000000000000d0a41b4b1927301c0e047004000100000000000000000000000d47000000070000004ad7a1fc263abf4c0d1800000003000000071702864cf563af0b0800000000000000541502864cf463af0b08000000000000006d1a02864cf763af0b08000000000000009f7034cd05fb1ab50d2000000004000000071702864cf563af0b0800000000000000541502864cf463af0b08000000000000006d1a02864cf763af0b0800000000000000560402864cea63af0b0800000000000000ec5af785a9a1a3170908000000000000001298f1072cb4da0b080400000000000000463c76855201e05d060100000000000000bcb4072c0e2a1b151e0100000002000000caaf765ad2a4d0f52000000000000000005d07d9f672798d472000000000000000002cc3af19efd923fa1e01000000040000007c1bacfe19def19f2000000000000000002d3e69c1a7d3f3ec2000000000000000001c3f95d58fd700cf200000000000000000b318320d7ec916c4200000000000000000273d90a9985312430e047004000100000000000000000000000d47000000070000004ad7a1fc263abf4c0d1800000003000000071702864cf563af0b0800000000000000541502864cf463af0b08000000000000006d1a02864cf763af0b08000000000000009f7034cd05fb1ab50d2000000004000000071702864cf563af0b0800000000000000541502864cf463af0b08000000000000006d1a02864cf763af0b0800000000000000560402864cea63af0b0800000000000000ec5af785a9a1a3170908000000000000001298f1072cb4da0b080400000000000000463c76855201e05d060100000000000000ad5d4c5e156f62e51e010000000300000034e274ef2b17a6ca20000000000000000053d65228acac984f2000000000000000001930ea44477e3a7f2000000000000000002cc3af19efd923fa1e01000000040000007c1bacfe19def19f2000000000000000002d3e69c1a7d3f3ec2000000000000000001c3f95d58fd700cf200000000000000000b318320d7ec916c4200000000000000000d2cf7fffedd7f8c10ec4cd17000100000000000000000000000d4e000000070000004ad7a1fc263abf4c0d1800000003000000071702864cf563af0b0800000000000000541502864cf463af0b08000000000000006d1a02864cf763af0b08000000000000009f7034cd05fb1ab50d2000000004000000071702864cf563af0b0800000000000000541502864cf463af0b08000000000000006d1a02864cf763af0b0800000000000000560402864cea63af0b0800000000000000911d1ab7fbb9ac6a0b0800000000000000ec5af785a9a1a317090800000000000000c3954b57aba73dd2080400000000000000ad5d4c5e156f62e51e010000000300000034e274ef2b17a6ca20000000000000000053d65228acac984f2000000000000000001930ea44477e3a7f2000000000000000002cc3af19efd923fa1e01000000040000007c1bacfe19def19f2000000000000000002d3e69c1a7d3f3ec2000000000000000001c3f95d58fd700cf200000000000000000b318320d7ec916c4200000000000000000ff80f4f5398e40330e04e009000100000000000000000000000d4f000000080000004ad7a1fc263abf4c0d1800000003000000071702864cf563af0b0800000000000000541502864cf463af0b08000000000000006d1a02864cf763af0b08000000000000009f7034cd05fb1ab50d2000000004000000071702864cf563af0b0800000000000000541502864cf463af0b08000000000000006d1a02864cf763af0b0800000000000000560402864cea63af0b0800000000000000911d1ab7fbb9ac6a0b0800000000000000ec5af785a9a1a317090800000000000000262e6be549446eb608040000000000000028c2ddcb3bf77b4d060100000000000000ad5d4c5e156f62e51e010000000300000034e274ef2b17a6ca20000000000000000053d65228acac984f2000000000000000001930ea44477e3a7f2000000000000000002cc3af19efd923fa1e01000000040000007c1bacfe19def19f2000000000000000002d3e69c1a7d3f3ec2000000000000000001c3f95d58fd700cf200000000000000000b318320d7ec916c42000000000000000006dd1923e7bb782d90e04461e000100000000000000000000000d3e000000060000001f25ad45ad975dee0d1800000003000000071702864cf563af0b0800000000000000541502864cf463af0b08000000000000006d1a02864cf763af0b0800000000000000f24015b9baa517690d1800000003000000071702864cf563af0b0800000000000000541502864cf463af0b08000000000000006d1a02864cf763af0b0800000000000000a30202864ce963af0b0800000000000000ec9402395fc029cd08040000000000000041381342c293b5961e01000000020000005e80f4d872a1e894200000000000000000faef7e96a75a74a02000000000000000002cc3af19efd923fa1e01000000040000007c1bacfe19def19f2000000000000000002d3e69c1a7d3f3ec2000000000000000001c3f95d58fd700cf200000000000000000b318320d7ec916c4200000000000000000696a80851a8c6a870e042224000100000000000000000000000d4a000000070000004ad7a1fc263abf4c0d1800000003000000071702864cf563af0b0800000000000000541502864cf463af0b08000000000000006d1a02864cf763af0b08000000000000009f7034cd05fb1ab50d2000000004000000071702864cf563af0b0800000000000000541502864cf463af0b08000000000000006d1a02864cf763af0b0800000000000000560402864cea63af0b0800000000000000a30202864ce963af0b080000000000000078d76eb1a03f7ffd080400000000000000936c04b43c7bee0b080400000000000000e53b39d39ceb89dc1e0100000002000000ecebad52d9c82c3d20000000000000000034e68093f76e73c82000000000000000002cc3af19efd923fa1e01000000040000007c1bacfe19def19f2000000000000000002d3e69c1a7d3f3ec2000000000000000001c3f95d58fd700cf200000000000000000b318320d7ec916c4200000000000000000

fixed table RenderLaser layout=0xbad5e7c97ded7d8a
    field start id=0xee5d97ad45ad251f kind=13 width=24 default=zero held=RenderVector3@0xd77965e30412b51d
    field finish id=0x6917a5bab91540f2 kind=13 width=24 default=zero held=RenderVector3@0xd77965e30412b51d
    field t id=0xaf63e94c860202a3 kind=11 width=8 default=0.0
    field laser_id id=0xcd29c05f390294ec kind=8 width=4 default=0
    field laser_type id=0x96b593c242133841 kind=7 width=1 default=variant:None held=LaserType@0xfd9b1629ddecc8db
    field team id=0xfa23d9ef19afc32c kind=7 width=1 default=variant:None held=Team@0x8eb91b0f4cfa397d
    lineage wire=0x99df0a3db4b1eebd record=62 bytes=1300000094d9236cbe7d94b00d3e000000060000001f25ad45ad975dee0d1800000003000000071702864cf563af0b0800000000000000541502864cf463af0b08000000000000006d1a02864cf763af0b0800000000000000f24015b9baa517690d1800000003000000071702864cf563af0b0800000000000000541502864cf463af0b08000000000000006d1a02864cf763af0b0800000000000000a30202864ce963af0b0800000000000000ec9402395fc029cd08040000000000000041381342c293b5961e01000000020000005e80f4d872a1e894200000000000000000faef7e96a75a74a02000000000000000002cc3af19efd923fa1e01000000040000007c1bacfe19def19f2000000000000000002d3e69c1a7d3f3ec2000000000000000001c3f95d58fd700cf200000000000000000b318320d7ec916c4200000000000000000

fixed table RenderMissile layout=0xbea2e7b5ad141600
    field position id=0x4cbf3a26fca1d74a kind=13 width=24 default=zero held=RenderVector3@0xd77965e30412b51d
    field rotation id=0xb51afb05cd34709f kind=13 width=32 default=zero held=RenderQuaternion@0x23322f19f5b78111
    field flags id=0x17a3a1a985f75aec kind=9 width=8 default=0
    field object_id id=0x0bdab42c07f19812 kind=8 width=4 default=0
    field object_sequence id=0x5de0015285763c46 kind=6 width=1 default=0
    field missile_type id=0x151b2a0e2c07b4bc kind=7 width=1 default=variant:None held=MissileType@0x80f6fa8d3c86ef2c
    field team id=0xfa23d9ef19afc32c kind=7 width=1 default=variant:None held=Team@0x8eb91b0f4cfa397d
    lineage wire=0xf7ec4593b531c59a record=71 bytes=150000005b13da1411b3da930d47000000070000004ad7a1fc263abf4c0d1800000003000000071702864cf563af0b0800000000000000541502864cf463af0b08000000000000006d1a02864cf763af0b08000000000000009f7034cd05fb1ab50d2000000004000000071702864cf563af0b0800000000000000541502864cf463af0b08000000000000006d1a02864cf763af0b0800000000000000560402864cea63af0b0800000000000000ec5af785a9a1a3170908000000000000001298f1072cb4da0b080400000000000000463c76855201e05d060100000000000000bcb4072c0e2a1b151e0100000002000000caaf765ad2a4d0f52000000000000000005d07d9f672798d472000000000000000002cc3af19efd923fa1e01000000040000007c1bacfe19def19f2000000000000000002d3e69c1a7d3f3ec2000000000000000001c3f95d58fd700cf200000000000000000b318320d7ec916c4200000000000000000

fixed table RenderShip layout=0x5adf9bdf3466ad50
    field position id=0x4cbf3a26fca1d74a kind=13 width=24 default=zero held=RenderVector3@0xd77965e30412b51d
    field rotation id=0xb51afb05cd34709f kind=13 width=32 default=zero held=RenderQuaternion@0x23322f19f5b78111
    field flags id=0x17a3a1a985f75aec kind=9 width=8 default=mask:0 held=ShipFlags@0x08ed14a23bc4def7
    field object_id id=0x0bdab42c07f19812 kind=8 width=4 default=0
    field target_object_id id=0x6a0c6a156952b9c2 kind=8 width=4 default=0
    field thrust id=0xcfd587cb3100cd73 kind=10 width=4 default=0.0
    field object_sequence id=0x5de0015285763c46 kind=6 width=1 default=0
    field ship_type id=0x1f7d2e86a2e77268 kind=7 width=1 default=variant:None held=ShipType@0x54489ce6ef530b62
    field team id=0xfa23d9ef19afc32c kind=7 width=1 default=variant:None held=Team@0x8eb91b0f4cfa397d
    field has_target_lock id=0x1554fa45a1220171 kind=1 width=1 default=false
    field predicted_explode id=0x4d5be97ba1b9cb81 kind=1 width=1 default=false
    lineage wire=0x890e08a270d96102 record=81 bytes=1a0000000760ad3fd9ed005b0d510000000b0000004ad7a1fc263abf4c0d1800000003000000071702864cf563af0b0800000000000000541502864cf463af0b08000000000000006d1a02864cf763af0b08000000000000009f7034cd05fb1ab50d2000000004000000071702864cf563af0b0800000000000000541502864cf463af0b08000000000000006d1a02864cf763af0b0800000000000000560402864cea63af0b0800000000000000ec5af785a9a1a3170908000000000000001298f1072cb4da0b080400000000000000c2b95269156a0c6a08040000000000000073cd0031cb87d5cf0a0400000000000000463c76855201e05d0601000000000000006872e7a2862e7d1f1e0100000003000000c28552c1c3f711d02000000000000000008acb54c5a16a21a8200000000000000000db230ed0a321236c2000000000000000002cc3af19efd923fa1e01000000040000007c1bacfe19def19f2000000000000000002d3e69c1a7d3f3ec2000000000000000001c3f95d58fd700cf200000000000000000b318320d7ec916c4200000000000000000710122a145fa541501010000000000000081cbb9a17be95b4d010100000000000000

fixed table RenderStaticProp layout=0xdf27489ae411d7d3
    field position id=0x4cbf3a26fca1d74a kind=13 width=24 default=zero held=RenderVector3@0xd77965e30412b51d
    field rotation id=0xb51afb05cd34709f kind=13 width=32 default=zero held=RenderQuaternion@0x23322f19f5b78111
    field scale id=0x6aacb9fbb71a1d91 kind=11 width=8 default=0.0
    field flags id=0x17a3a1a985f75aec kind=9 width=8 default=0
    field static_prop_id id=0xd23da7ab574b95c3 kind=8 width=4 default=0
    field prop_type id=0xe5626f155e4c5dad kind=7 width=1 default=variant:None held=PropType@0x3b1763ed728049d9
    field team id=0xfa23d9ef19afc32c kind=7 width=1 default=variant:None held=Team@0x8eb91b0f4cfa397d
    lineage wire=0xa63b40147f0f5066 record=78 bytes=16000000fe7652862bd69ac10d4e000000070000004ad7a1fc263abf4c0d1800000003000000071702864cf563af0b0800000000000000541502864cf463af0b08000000000000006d1a02864cf763af0b08000000000000009f7034cd05fb1ab50d2000000004000000071702864cf563af0b0800000000000000541502864cf463af0b08000000000000006d1a02864cf763af0b0800000000000000560402864cea63af0b0800000000000000911d1ab7fbb9ac6a0b0800000000000000ec5af785a9a1a317090800000000000000c3954b57aba73dd2080400000000000000ad5d4c5e156f62e51e010000000300000034e274ef2b17a6ca20000000000000000053d65228acac984f2000000000000000001930ea44477e3a7f2000000000000000002cc3af19efd923fa1e01000000040000007c1bacfe19def19f2000000000000000002d3e69c1a7d3f3ec2000000000000000001c3f95d58fd700cf200000000000000000b318320d7ec916c4200000000000000000

fixed table RenderTurret layout=0xf5e2df000b75fb78
    field rotation id=0xb51afb05cd34709f kind=13 width=32 default=zero held=RenderQuaternion@0x23322f19f5b78111
    field flags id=0x17a3a1a985f75aec kind=9 width=8 default=0
    field object_id id=0x0bdab42c07f19812 kind=8 width=4 default=0
    field parent_object_id id=0x0bee7b3cb4046c93 kind=8 width=4 default=0
    field turret_index id=0x88a11a6aed541f54 kind=8 width=4 default=0
    field target_object_id id=0x6a0c6a156952b9c2 kind=8 width=4 default=0
    field object_sequence id=0x5de0015285763c46 kind=6 width=1 default=0
    field team id=0xfa23d9ef19afc32c kind=7 width=1 default=variant:None held=Team@0x8eb91b0f4cfa397d
    field has_target_lock id=0x1554fa45a1220171 kind=1 width=1 default=false
    lineage wire=0x9e443be2f7294b72 record=59 bytes=120000009fc208a41f1834400d3b000000090000009f7034cd05fb1ab50d2000000004000000071702864cf563af0b0800000000000000541502864cf463af0b08000000000000006d1a02864cf763af0b0800000000000000560402864cea63af0b0800000000000000ec5af785a9a1a3170908000000000000001298f1072cb4da0b080400000000000000936c04b43c7bee0b080400000000000000541f54ed6a1aa188080400000000000000c2b95269156a0c6a080400000000000000463c76855201e05d0601000000000000002cc3af19efd923fa1e01000000040000007c1bacfe19def19f2000000000000000002d3e69c1a7d3f3ec2000000000000000001c3f95d58fd700cf200000000000000000b318320d7ec916c4200000000000000000710122a145fa5415010100000000000000

type RenderQuaternion layout=0x23322f19f5b78111
    field x id=0xaf63f54c86021707 kind=11 width=8 default=0.0
    field y id=0xaf63f44c86021554 kind=11 width=8 default=0.0
    field z id=0xaf63f74c86021a6d kind=11 width=8 default=0.0
    field w id=0xaf63ea4c86020456 kind=11 width=8 default=1.0

type RenderVector3 layout=0xd77965e30412b51d
    field x id=0xaf63f54c86021707 kind=11 width=8 default=0.0
    field y id=0xaf63f44c86021554 kind=11 width=8 default=0.0
    field z id=0xaf63f74c86021a6d kind=11 width=8 default=0.0

enum ExplosionType values=0x551b0cc9b76d47b1
    variant Small
    variant Large

enum LaserType values=0xfd9b1629ddecc8db
    variant Pulse
    variant Beam

enum MissileType values=0x80f6fa8d3c86ef2c
    variant Seeker
    variant Dumb

enum PropType values=0x3b1763ed728049d9
    variant Rock
    variant Station
    variant Beacon

enum ShipType values=0x54489ce6ef530b62
    variant Fighter
    variant Bomber
    variant Freighter

enum Team values=0x8eb91b0f4cfa397d
    variant Red
    variant Blue
    variant Green
    variant Gold

flags ShipFlags values=0x08ed14a23bc4def7
    variant FiringLaser
    variant Boosting
    variant Braking
    variant Aiming
