schema-lock 1
package blockdemo

fixed table PaddedFrame layout=0x3e16de206eaceb11
    field marker id=0xeddcb72b15486e77 kind=6 width=1
    field stamp id=0xee7ba9ad45c64144 kind=9 width=8
    field rows id=0xa3a7061ff10a8138 kind=14 width=4100
    field blob id=0xc573b39bc29148ca kind=14 width=16

fixed table PaddedRow layout=0x92c3e1e32115ac36
    field tag id=0x56d7ab194448a4f3 kind=6 width=1
    field value id=0x7ce4fd9430e80cea kind=11 width=8
    field flag id=0xd5f2d079088c0b17 kind=1 width=1
    field id id=0x08b72e07b55c3ac0 kind=8 width=4
    field label id=0x39f7fcec8fcb623d kind=12 width=20
    field slots id=0xe68c2e6bb1ee5646 kind=14 width=8
    field teams id=0xbaaeb048a5a8fa6d kind=16 width=4
    field counter id=0x77976c7416517c63 kind=4 width=5

fixed table RenderCamera layout=0x5135ec9bc09e1c89
    field position id=0x4cbf3a26fca1d74a kind=13 width=24
    field rotation id=0xb51afb05cd34709f kind=13 width=32
    field camera_id id=0x9f61700f084ab92e kind=8 width=4
    field camera_type id=0x336d3dc7fffd0c9b kind=8 width=4
    field target_object_id id=0x6a0c6a156952b9c2 kind=8 width=4
    field fov id=0xdcb27c18fed9e15c kind=10 width=4

fixed table RenderCosmeticProp layout=0xbb6b0402b267fb06
    field position id=0x4cbf3a26fca1d74a kind=13 width=24
    field rotation id=0xb51afb05cd34709f kind=13 width=32
    field scale id=0x6aacb9fbb71a1d91 kind=11 width=8
    field flags id=0x17a3a1a985f75aec kind=9 width=8
    field cosmetic_prop_id id=0xb66e4449e56b2e26 kind=8 width=4
    field prop_sequence id=0x4d7bf73bcbddc228 kind=6 width=1
    field prop_type id=0xe5626f155e4c5dad kind=7 width=1
    field team id=0xfa23d9ef19afc32c kind=7 width=1

fixed table RenderDynamicProp layout=0x480b7589ab2c4282
    field position id=0x4cbf3a26fca1d74a kind=13 width=24
    field rotation id=0xb51afb05cd34709f kind=13 width=32
    field flags id=0x17a3a1a985f75aec kind=9 width=8
    field object_id id=0x0bdab42c07f19812 kind=8 width=4
    field object_sequence id=0x5de0015285763c46 kind=6 width=1
    field prop_type id=0xe5626f155e4c5dad kind=7 width=1
    field team id=0xfa23d9ef19afc32c kind=7 width=1

fixed table RenderExplosion layout=0xebb74ee8f9757870
    field position id=0x4cbf3a26fca1d74a kind=13 width=24
    field rotation id=0xb51afb05cd34709f kind=13 width=32
    field t id=0xaf63e94c860202a3 kind=11 width=8
    field explosion_id id=0xfd7f3fa0b16ed778 kind=8 width=4
    field parent_object_id id=0x0bee7b3cb4046c93 kind=8 width=4
    field explosion_type id=0xdc89eb9cd3393be5 kind=7 width=1
    field team id=0xfa23d9ef19afc32c kind=7 width=1

fixed table RenderFrame layout=0xc92991345f5c941f
    field version id=0xbb62c62c9808ea37 kind=9 width=8
    field cameras id=0x0f9222d2ba7aa2a7 kind=14 width=76
    field ships id=0x294a5c4913e1ad44 kind=14 width=360452
    field turrets id=0x84f8260bc283608c kind=14 width=65540
    field missiles id=0x1c3027194b1ba4d0 kind=14 width=294916
    field dynamic_props id=0x43125398a9903d27 kind=14 width=294916
    field static_props id=0xc1f8d7edff7fcfd2 kind=14 width=1600004
    field cosmetic_props id=0x33408e39f5f480ff kind=14 width=655364
    field lasers id=0xd982b77b3e92d16d kind=14 width=2048004
    field explosions id=0x876a8c1a85806a69 kind=14 width=2560004

fixed table RenderLaser layout=0x14782736664261d6
    field start id=0xee5d97ad45ad251f kind=13 width=24
    field finish id=0x6917a5bab91540f2 kind=13 width=24
    field t id=0xaf63e94c860202a3 kind=11 width=8
    field laser_id id=0xcd29c05f390294ec kind=8 width=4
    field laser_type id=0x96b593c242133841 kind=7 width=1
    field team id=0xfa23d9ef19afc32c kind=7 width=1

fixed table RenderMissile layout=0xa5e8035ea1404856
    field position id=0x4cbf3a26fca1d74a kind=13 width=24
    field rotation id=0xb51afb05cd34709f kind=13 width=32
    field flags id=0x17a3a1a985f75aec kind=9 width=8
    field object_id id=0x0bdab42c07f19812 kind=8 width=4
    field object_sequence id=0x5de0015285763c46 kind=6 width=1
    field missile_type id=0x151b2a0e2c07b4bc kind=7 width=1
    field team id=0xfa23d9ef19afc32c kind=7 width=1

fixed table RenderShip layout=0xb628e00cc9b80da2
    field position id=0x4cbf3a26fca1d74a kind=13 width=24
    field rotation id=0xb51afb05cd34709f kind=13 width=32
    field flags id=0x17a3a1a985f75aec kind=9 width=8
    field object_id id=0x0bdab42c07f19812 kind=8 width=4
    field target_object_id id=0x6a0c6a156952b9c2 kind=8 width=4
    field thrust id=0xcfd587cb3100cd73 kind=10 width=4
    field object_sequence id=0x5de0015285763c46 kind=6 width=1
    field ship_type id=0x1f7d2e86a2e77268 kind=7 width=1
    field team id=0xfa23d9ef19afc32c kind=7 width=1
    field has_target_lock id=0x1554fa45a1220171 kind=1 width=1
    field predicted_explode id=0x4d5be97ba1b9cb81 kind=1 width=1

fixed table RenderStaticProp layout=0xbd09161254294f5f
    field position id=0x4cbf3a26fca1d74a kind=13 width=24
    field rotation id=0xb51afb05cd34709f kind=13 width=32
    field scale id=0x6aacb9fbb71a1d91 kind=11 width=8
    field flags id=0x17a3a1a985f75aec kind=9 width=8
    field static_prop_id id=0xd23da7ab574b95c3 kind=8 width=4
    field prop_type id=0xe5626f155e4c5dad kind=7 width=1
    field team id=0xfa23d9ef19afc32c kind=7 width=1

fixed table RenderTurret layout=0x5f8cdd5879267e20
    field rotation id=0xb51afb05cd34709f kind=13 width=32
    field flags id=0x17a3a1a985f75aec kind=9 width=8
    field object_id id=0x0bdab42c07f19812 kind=8 width=4
    field parent_object_id id=0x0bee7b3cb4046c93 kind=8 width=4
    field turret_index id=0x88a11a6aed541f54 kind=8 width=4
    field target_object_id id=0x6a0c6a156952b9c2 kind=8 width=4
    field object_sequence id=0x5de0015285763c46 kind=6 width=1
    field team id=0xfa23d9ef19afc32c kind=7 width=1
    field has_target_lock id=0x1554fa45a1220171 kind=1 width=1
