schema-lock 7
package base64test

fixed table Blob layout=0xa190549933f677b7
    field payload id=0xcfb8a9d063b5e9e5 kind=14 width=16388 default=bytes: elem=6/1 cap=16384
    lineage wire=0x1b9a9a2361c6cb08 record=16388 bytes=03000000aa931ec1a7b49bec0d0440000001000000e5e9b563d0a9b8cf0e04400000010000000000000000000000060100000000000000
