schema-lock 7
package tabledemo

fixed table ArchiveConfig layout=0xf30cc8fafa3c4490
    field root id=0xa354fd1ff0c467c5 kind=13 width=1480 default=zero held=RootConfig@0x62f9d79647b9c419
    field count id=0xb1e5e28e4479a274 kind=4 width=4 default=1 min=0 max=100
    lineage wire=0x0914256792928e9f record=1252 bytes=4b000000c7c31b26cf7b3e410de404000002000000c567c4f01ffd54a30de00400000300000094d3468772c9678a0c1400000000000000b6ab7fb801d9cb410eb40000000100000000000000000000000d1600000006000000c07fb38abe08637f0a0400000000000000d2b1ac02570533170a040000000000000032e9139e30c5314f040400000000000000a4edcad59a3e01a5060400000000000000593f2e60bc8765ad0101000000000000009443f2513bc8c1360f0500000002000000cc69e4e29bbeb5ff0d0400000001000000c6875c803a62dc9a0a0400000000000000d72f3de7edc5cd130d04000000010000006969b1a27efe1381040400000000000000676743c01fe681810e180400000100000000000000000000000d050100000d000000861b638ebaadbcc40c2400000000000000f092206cc54cffdb0e1400000001000000000000000000000006010000000000000069b9801f526d8bab080400000000000000c6af9b2eef88501e020100000000000000750fca90918228b10302000000000000000334f58e3392dc5d050800000000000000185509fe81a9bd10060100000000000000a63f93a80ddb2c8c070200000000000000a66b6e19d19796fc090800000000000000f705bdbaf52784280b0800000000000000f9b00c3d8aeb21b90e100000000100000000000000000000000a04000000000000003c258e140a5e6fa0010100000000000000a3b5bb8675ce59570d9a00000007000000d48ac477299ba8321e010000000300000091c5c4aa397792c42000000000000000008025f1eade1ae5c3200000000000000000b318320d7ec916c4200000000000000000c599f782764e0ad90e080000000100000000000000000000001e010000000300000091c5c4aa397792c42000000000000000008025f1eade1ae5c3200000000000000000b318320d7ec916c42000000000000000004925d7235af46fb40e030000000100000000000000000000001e010000000300000091c5c4aa397792c42000000000000000008025f1eade1ae5c3200000000000000000b318320d7ec916c42000000000000000004ae5967084f5064b09080000000000000039e983f77f1331bf0d1600000006000000c07fb38abe08637f0a0400000000000000d2b1ac02570533170a040000000000000032e9139e30c5314f040400000000000000a4edcad59a3e01a5060400000000000000593f2e60bc8765ad0101000000000000009443f2513bc8c1360f0500000002000000cc69e4e29bbeb5ff0d0400000001000000c6875c803a62dc9a0a0400000000000000d72f3de7edc5cd130d04000000010000006969b1a27efe138104040000000000000024cc8a11f5f028de0e2c0000000100000000000000000000000d1600000006000000c07fb38abe08637f0a0400000000000000d2b1ac02570533170a040000000000000032e9139e30c5314f040400000000000000a4edcad59a3e01a5060400000000000000593f2e60bc8765ad0101000000000000009443f2513bc8c1360f0500000002000000cc69e4e29bbeb5ff0d0400000001000000c6875c803a62dc9a0a0400000000000000d72f3de7edc5cd130d04000000010000006969b1a27efe1381040400000000000000419a244003aa01f90e440000000100000000000000000000000d0800000002000000d131fef61816776a040400000000000000e6b4e78a35d1f9ee0a040000000000000074a279448ee2e5b1040400000000000000

fixed table GlobalSettings layout=0xa41f9b72948115a2
    field tick_rate id=0xa65f859b617deaf3 kind=8 width=4 default=60 min=1 max=240
    field difficulty id=0x467f35a74c6e4a70 kind=7 width=1 default=variant:Normal held=Difficulty@0x8c7731ffcc25bee0
    field build_note id=0x14ec921cc2549d60 kind=12 width=55 default=bytes: cap=48
    field spawn_delays id=0x09ae5613b0051271 kind=14 width=12 default=born:0 elem=10/4 bound=3 shape=fixed
    lineage wire=0xc25970ba43db796b record=69 bytes=090000005b21cef6b1dfb1ff0d4500000004000000f3ea7d619b855fa6080400000000000000704a6e4ca7357f461e01000000030000009b1fcd1c6c9e3d48200000000000000000528df8301d12f39f2000000000000000007c288775d8b5c758200000000000000000609d54c21c92ec140c3400000000000000711205b01356ae090e0c0000000100000000000000000000000a0400000000000000

fixed table GunnerConfig layout=0xdd5ef1d77231ba48
    field reaction id=0xb75aa3662201646a kind=10 width=4 default=0.2
    field tracking id=0xa6bf719a4602b0bc kind=1 width=1 default=false
    lineage wire=0x113a539593602242 record=5 bytes=03000000641b411546e0cb5f0d05000000020000006a64012266a35ab70a0400000000000000bcb002469a71bfa6010100000000000000

fixed table GunnerSettings layout=0xa6316f0d3e71e391
    field reaction id=0xb75aa3662201646a kind=10 width=4 default=0.2
    field tracking id=0xa6bf719a4602b0bc kind=1 width=1 default=false
    field callsign id=0x5bc44627b9848818 kind=12 width=31 default=bytes: cap=24
    lineage wire=0x096e203e5991edb3 record=33 bytes=04000000af373325b24268b70d21000000030000006a64012266a35ab70a0400000000000000bcb002469a71bfa6010100000000000000188884b92746c45b0c1c00000000000000

fixed table HullConfig layout=0x5a47c5eb45f31a2f
    field health id=0x7f69d4b5288ba9cf kind=10 width=4 default=100.0
    field mass id=0x1f3757a2ce7b0ab1 kind=10 width=4 default=1.0
    field turrets id=0x84f8260bc283608c kind=16 width=60 default=born:0 held=TurretConfig@0xd544f891dca5c02d elem=13/20 key=Weapon@0x56b73a1f4ab4e110 bound=3 shape=keyed
    lineage wire=0xc65dc3bc15d5a954 record=50 bytes=0f0000009078bddf30b166300d3200000003000000cfa98b28b5d4697f0a0400000000000000b10a7bcea257371f0a04000000000000008c6083c20b26f884102a00000002000000e120663934e31d891e01000000030000007c762e3bbede5458200000000000000000e383455a2e5928b52000000000000000007652ffa8ae16dc0420000000000000000000000000000000000d0e00000003000000c07fb38abe08637f0a0400000000000000483d345369be2cdc0a0400000000000000aa44cdc048b6db40230600000001000000aa44cdc048b6db400d05000000020000006a64012266a35ab70a0400000000000000bcb002469a71bfa6010100000000000000

fixed table KeyedConfig layout=0x5b1f61b129092008
    field teams id=0xbaaeb048a5a8fa6d kind=16 width=84 default=born:0 held=TeamConfig@0xe3b10d203478487e elem=13/28 key=Team@0xc490f76cda16c53c bound=3 shape=keyed
    field hulls id=0xce0ac3c25694d8ff kind=16 width=204 default=born:0 held=HullConfig@0x5a47c5eb45f31a2f elem=13/68 key=Hull@0xc3cc3881c580dd9d bound=3 shape=keyed
    field scores id=0x01986b0b27400fb2 kind=13 width=12 default=zero held=ScoreBoard@0xf9839ce4b0161a92
    lineage wire=0xac0c8c80f3967de4 record=234 bytes=24000000cfee4de9e43a63d60dea000000030000006dfaa8a548b0aeba1048000000020000000c37201bfbdab1241e01000000030000007c1bacfe19def19f2000000000000000002d3e69c1a7d3f3ec2000000000000000001c3f95d58fd700cf20000000000000000000000000000000000d180000000200000074b65dd6e299ecce040400000000000000cf0ca0c7b1daa0bc0c1400000000000000ffd89456c2c30ace109600000002000000d6214b13d88d68ab1e0100000003000000f42c8ce8cba661ae2000000000000000001fbc0d42e1244d33200000000000000000db230ed0a321236c20000000000000000000000000000000000d3200000003000000cfa98b28b5d4697f0a0400000000000000b10a7bcea257371f0a04000000000000008c6083c20b26f884102a00000002000000e120663934e31d891e01000000030000007c762e3bbede5458200000000000000000e383455a2e5928b52000000000000000007652ffa8ae16dc0420000000000000000000000000000000000d0e00000003000000c07fb38abe08637f0a0400000000000000483d345369be2cdc0a0400000000000000aa44cdc048b6db40230600000001000000aa44cdc048b6db400d05000000020000006a64012266a35ab70a0400000000000000bcb002469a71bfa6010100000000000000b20f40270b6b98010d0c0000000100000060160e9a73ad0ff1100c000000020000000c37201bfbdab1241e01000000030000007c1bacfe19def19f2000000000000000002d3e69c1a7d3f3ec2000000000000000001c3f95d58fd700cf2000000000000000000000000000000000040400000000000000

fixed table LoadoutConfig layout=0xae8584f69beac292
    field grade id=0x32a89b2977c48ad4 kind=7 width=1 default=variant:Silver held=Grade@0xc56ae3781a1039bd
    field grades id=0xd90a4e7682f799c5 kind=14 width=11 default=born:0 held=Grade@0xc56ae3781a1039bd elem=7/1 bound=4 shape=counted
    field podium id=0xb46ff45a23d72549 kind=14 width=3 default=born:0 held=Grade@0xc56ae3781a1039bd elem=7/1 bound=3 shape=fixed
    field perks id=0x4b06f5847096e54a kind=9 width=8 default=mask:0 held=Perks@0x1f153e786d4f23a7
    field primary id=0xbf31137ff783e939 kind=13 width=28 default=zero held=WeaponConfig@0x9b9993427ecbb51b
    field backups id=0xde28f0f5118acc24 kind=14 width=56 default=born:0 held=WeaponConfig@0x9b9993427ecbb51b elem=13/28 bound=2 shape=fixed
    field attachments id=0xf901aa0340249a41 kind=14 width=68 default=born:0 held=Attachment@0x203fd5e47e2fd0c8 elem=13/8 bound=8 shape=counted
    lineage wire=0xe747768b18247870 record=154 bytes=2b000000a1cc8da2ae0caaa60d9a00000007000000d48ac477299ba8321e010000000300000091c5c4aa397792c42000000000000000008025f1eade1ae5c3200000000000000000b318320d7ec916c4200000000000000000c599f782764e0ad90e080000000100000000000000000000001e010000000300000091c5c4aa397792c42000000000000000008025f1eade1ae5c3200000000000000000b318320d7ec916c42000000000000000004925d7235af46fb40e030000000100000000000000000000001e010000000300000091c5c4aa397792c42000000000000000008025f1eade1ae5c3200000000000000000b318320d7ec916c42000000000000000004ae5967084f5064b09080000000000000039e983f77f1331bf0d1600000006000000c07fb38abe08637f0a0400000000000000d2b1ac02570533170a040000000000000032e9139e30c5314f040400000000000000a4edcad59a3e01a5060400000000000000593f2e60bc8765ad0101000000000000009443f2513bc8c1360f0500000002000000cc69e4e29bbeb5ff0d0400000001000000c6875c803a62dc9a0a0400000000000000d72f3de7edc5cd130d04000000010000006969b1a27efe138104040000000000000024cc8a11f5f028de0e2c0000000100000000000000000000000d1600000006000000c07fb38abe08637f0a0400000000000000d2b1ac02570533170a040000000000000032e9139e30c5314f040400000000000000a4edcad59a3e01a5060400000000000000593f2e60bc8765ad0101000000000000009443f2513bc8c1360f0500000002000000cc69e4e29bbeb5ff0d0400000001000000c6875c803a62dc9a0a0400000000000000d72f3de7edc5cd130d04000000010000006969b1a27efe1381040400000000000000419a244003aa01f90e440000000100000000000000000000000d0800000002000000d131fef61816776a040400000000000000e6b4e78a35d1f9ee0a0400000000000000

fixed table PackConfig layout=0xbf6fab333778d79c
    field version id=0xbb62c62c9808ea37 kind=8 width=4 default=1
    field global id=0x7fb43557b54149ce kind=13 width=72 default=zero held=GlobalSettings@0xa41f9b72948115a2
    field ships id=0x294a5c4913e1ad44 kind=16 width=324 default=born:0 held=ShipEntry@0x8e283d5460596e5c elem=13/108 key=ShipType@0xe37048030170f42c bound=3 shape=keyed
    field thresholds id=0x9cda940a344e1571 kind=16 width=12 default=born:0 min=0 max=1000 elem=4/4 key=Difficulty@0x8c7731ffcc25bee0 bound=3 shape=keyed
    field reserves id=0x77707fccd201c228 kind=14 width=328 default=born:0 held=ShipEntry@0x8e283d5460596e5c elem=13/108 bound=3 shape=counted
    lineage wire=0xd21606df2ae90463 record=677 bytes=2d0000006e3314b15d822dd00da50200000500000037ea08982cc662bb080400000000000000ce4941b55735b47f0d4500000004000000f3ea7d619b855fa6080400000000000000704a6e4ca7357f461e01000000030000009b1fcd1c6c9e3d48200000000000000000528df8301d12f39f2000000000000000007c288775d8b5c758200000000000000000609d54c21c92ec140c3400000000000000711205b01356ae090e0c0000000100000000000000000000000a040000000000000044ade113495c4a2910260100000200000067d0b4700ace4e351e0100000003000000c28552c1c3f711d02000000000000000008acb54c5a16a21a8200000000000000000a5c11957623c577d20000000000000000000000000000000000d62000000050000005d5abd66cdd7212d0c2400000000000000cfa98b28b5d4697f0a0400000000000000b10a7bcea257371f0a0400000000000000732ba89ce0ccd0950e14000000010000000000000000000000040400000000000000aa44cdc048b6db40232200000001000000aa44cdc048b6db400d21000000030000006a64012266a35ab70a0400000000000000bcb002469a71bfa6010100000000000000188884b92746c45b0c1c0000000000000071154e340a94da9c100c0000000200000050846ba6c5ab3ec41e01000000030000009b1fcd1c6c9e3d48200000000000000000528df8301d12f39f2000000000000000007c288775d8b5c758200000000000000000000000000000000004040000000000000028c201d2cc7f70770e2a0100000100000000000000000000000d62000000050000005d5abd66cdd7212d0c2400000000000000cfa98b28b5d4697f0a0400000000000000b10a7bcea257371f0a0400000000000000732ba89ce0ccd0950e14000000010000000000000000000000040400000000000000aa44cdc048b6db40232200000001000000aa44cdc048b6db400d21000000030000006a64012266a35ab70a0400000000000000bcb002469a71bfa6010100000000000000188884b92746c45b0c1c00000000000000

fixed table ProfileConfig layout=0xe3db9279b46dbaa4
    field name id=0xc4bcadba8e631b86 kind=12 width=40 default=bytes: cap=32
    field icon id=0xdbff4cc56c2092f0 kind=14 width=20 default=bytes: elem=6/1 cap=16
    field experience id=0xab8b6d521f80b969 kind=8 width=4 default=0
    field tilt id=0x1e5088ef2e9bafc6 kind=2 width=1 default=0
    field heading id=0xb128829190ca0f75 kind=3 width=2 default=0
    field timestamp id=0x5ddc92338ef53403 kind=5 width=8 default=0
    field badge id=0x10bda981fe095518 kind=6 width=1 default=0
    field port id=0x8c2cdb0da8933fa6 kind=7 width=2 default=0
    field epoch id=0xfc9697d1196e6ba6 kind=9 width=8 default=0
    field precision id=0x288427f5babd05f7 kind=11 width=8 default=0.0
    field ratings id=0xb921eb8a3d0cb0f9 kind=14 width=16 default=born:0 elem=10/4 bound=4 shape=fixed
    field has_loadout id=0xa06f5e0a148e253c kind=1 width=1 default=false
    field loadout id=0x5759ce7586bbb5a3 kind=13 width=176 default=zero held=LoadoutConfig@0xae8584f69beac292
    lineage wire=0xa08c74b0b106a9d9 record=261 bytes=3a00000078a79d85b7fcff190d050100000d000000861b638ebaadbcc40c2400000000000000f092206cc54cffdb0e1400000001000000000000000000000006010000000000000069b9801f526d8bab080400000000000000c6af9b2eef88501e020100000000000000750fca90918228b10302000000000000000334f58e3392dc5d050800000000000000185509fe81a9bd10060100000000000000a63f93a80ddb2c8c070200000000000000a66b6e19d19796fc090800000000000000f705bdbaf52784280b0800000000000000f9b00c3d8aeb21b90e100000000100000000000000000000000a04000000000000003c258e140a5e6fa0010100000000000000a3b5bb8675ce59570d9a00000007000000d48ac477299ba8321e010000000300000091c5c4aa397792c42000000000000000008025f1eade1ae5c3200000000000000000b318320d7ec916c4200000000000000000c599f782764e0ad90e080000000100000000000000000000001e010000000300000091c5c4aa397792c42000000000000000008025f1eade1ae5c3200000000000000000b318320d7ec916c42000000000000000004925d7235af46fb40e030000000100000000000000000000001e010000000300000091c5c4aa397792c42000000000000000008025f1eade1ae5c3200000000000000000b318320d7ec916c42000000000000000004ae5967084f5064b09080000000000000039e983f77f1331bf0d1600000006000000c07fb38abe08637f0a0400000000000000d2b1ac02570533170a040000000000000032e9139e30c5314f040400000000000000a4edcad59a3e01a5060400000000000000593f2e60bc8765ad0101000000000000009443f2513bc8c1360f0500000002000000cc69e4e29bbeb5ff0d0400000001000000c6875c803a62dc9a0a0400000000000000d72f3de7edc5cd130d04000000010000006969b1a27efe138104040000000000000024cc8a11f5f028de0e2c0000000100000000000000000000000d1600000006000000c07fb38abe08637f0a0400000000000000d2b1ac02570533170a040000000000000032e9139e30c5314f040400000000000000a4edcad59a3e01a5060400000000000000593f2e60bc8765ad0101000000000000009443f2513bc8c1360f0500000002000000cc69e4e29bbeb5ff0d0400000001000000c6875c803a62dc9a0a0400000000000000d72f3de7edc5cd130d04000000010000006969b1a27efe1381040400000000000000419a244003aa01f90e440000000100000000000000000000000d0800000002000000d131fef61816776a040400000000000000e6b4e78a35d1f9ee0a0400000000000000

fixed table RangedSigned layout=0x2f852e0e2768c0c5
    field i8_span id=0x48121511bf702eb5 kind=2 width=1 default=0 min=-128 max=127
    field i8_low id=0x942bfe3168090f7d kind=2 width=1 default=0 min=-128 max=126
    field i8_high id=0xd182acd105b55dd1 kind=2 width=1 default=0 min=-127 max=127
    field i8_inside id=0xef9ded23c8912a81 kind=2 width=1 default=0 min=-127 max=126
    field i16_span id=0xb655574ea23760b4 kind=3 width=2 default=0 min=-32768 max=32767
    field i16_low id=0xd217b3af8d7a2bde kind=3 width=2 default=0 min=-32768 max=32766
    field i16_high id=0x90652f70c9127900 kind=3 width=2 default=0 min=-32767 max=32767
    field i16_inside id=0x6a659d7c354db158 kind=3 width=2 default=0 min=-32767 max=32766
    field i32_span id=0xe693bd88532c91d6 kind=4 width=4 default=0 min=-2147483648 max=2147483647
    field i32_low id=0x065ee827cf99fbb4 kind=4 width=4 default=0 min=-2147483648 max=2147483646
    field i32_high id=0xc9b121c4c2a186ee kind=4 width=4 default=0 min=-2147483647 max=2147483647
    field i32_inside id=0xd363dfa465acf27a kind=4 width=4 default=0 min=-2147483647 max=2147483646
    field i64_span id=0x7549c70700c49d6f kind=5 width=8 default=0 min=-9223372036854775808 max=9223372036854775807
    field i64_low id=0x1cce6617419771db kind=5 width=8 default=0 min=-9223372036854775808 max=9223372036854775806
    field i64_high id=0x3b54fa60620b5597 kind=5 width=8 default=0 min=-9223372036854775807 max=9223372036854775807
    field i64_inside id=0xd308fcb98ece5d23 kind=5 width=8 default=0 min=-9223372036854775807 max=9223372036854775806
    field edges id=0xc70cde6b85b6197d kind=14 width=12 default=born:0 min=-32768 max=32767 elem=3/2 bound=4 shape=counted
    lineage wire=0xaaf4b92f603d1a73 record=72 bytes=130000002ebe28da1d7579ec0d4800000011000000b52e70bf111512480201000000000000007d0f096831fe2b94020100000000000000d15db505d1ac82d1020100000000000000812a91c823ed9def020100000000000000b46037a24e5755b6030200000000000000de2b7a8dafb317d2030200000000000000007912c9702f659003020000000000000058b14d357c9d656a030200000000000000d6912c5388bd93e6040400000000000000b4fb99cf27e85e06040400000000000000ee86a1c2c421b1c90404000000000000007af2ac65a4df63d30404000000000000006f9dc40007c74975050800000000000000db7197411766ce1c05080000000000000097550b6260fa543b050800000000000000235dce8eb9fc08d30508000000000000007d19b6856bde0cc70e0c000000010000000000000000000000030200000000000000

fixed table RangedUnsigned layout=0xbe94158808971f1c
    field u8_span id=0x0f8897557f37c021 kind=6 width=1 default=0 min=0 max=255
    field u8_low id=0x2e17553f8200a2a1 kind=6 width=1 default=0 min=0 max=254
    field u8_high id=0xa0e5c60df9301b7d kind=6 width=1 default=1 min=1 max=255
    field u8_inside id=0x1cb2c073a6f5844d kind=6 width=1 default=1 min=1 max=254
    field u16_span id=0x4ca0c150b1790960 kind=7 width=2 default=0 min=0 max=65535
    field u16_low id=0xf252136836b04cb2 kind=7 width=2 default=0 min=0 max=65534
    field u16_high id=0x4f37e1f216e7610c kind=7 width=2 default=1 min=1 max=65535
    field u16_inside id=0xd176b605978f3304 kind=7 width=2 default=1 min=1 max=65534
    field u32_span id=0x200b924de7479cda kind=8 width=4 default=0 min=0 max=4294967295
    field u32_low id=0xa53d2f2a31b5acb0 kind=8 width=4 default=0 min=0 max=4294967294
    field u32_high id=0x9759be8ea1a4e3d2 kind=8 width=4 default=1 min=1 max=4294967295
    field u32_inside id=0x8dc515fc082e3c0e kind=8 width=4 default=1 min=1 max=4294967294
    field u64_span id=0xbeecef11dbdf8973 kind=9 width=8 default=0 min=0 max=18446744073709551615
    field u64_low id=0x0117ad66e0fff227 kind=9 width=8 default=0 min=0 max=18446744073709551614
    field u64_high id=0xf2b45af3b50689db kind=9 width=8 default=1 min=1 max=18446744073709551615
    field u64_inside id=0x713e12017eebcaf7 kind=9 width=8 default=1 min=1 max=18446744073709551614
    field counts id=0xc341febe5aae51e5 kind=14 width=36 default=born:0 min=0 max=18446744073709551615 elem=9/8 bound=4 shape=counted
    lineage wire=0x9e7760dd0c2ba2f6 record=96 bytes=13000000f18bd2b7c4c01e030d600000001100000021c0377f5597880f060100000000000000a1a200823f55172e0601000000000000007d1b30f90dc6e5a00601000000000000004d84f5a673c0b21c060100000000000000600979b150c1a04c070200000000000000b24cb036681352f20702000000000000000c61e716f2e1374f07020000000000000004338f9705b676d1070200000000000000da9c47e74d920b20080400000000000000b0acb5312a2f3da5080400000000000000d2e3a4a18ebe59970804000000000000000e3c2e08fc15c58d0804000000000000007389dfdb11efecbe09080000000000000027f2ffe066ad1701090800000000000000db8906b5f35ab4f2090800000000000000f7caeb7e01123e71090800000000000000e551ae5abefe41c30e24000000010000000000000000000000090800000000000000

fixed table RangedWidths layout=0xe6c2d7a10f05ad79
    field b8 id=0x08a60c07b54d8dc7 kind=6 width=4 default=0 bits=8
    field b16 id=0xff95701912ad97be kind=7 width=4 default=0 bits=16
    field b32 id=0xff9c5c1912b39470 kind=8 width=4 default=0 bits=32
    field b64 id=0xff92701912ab61e7 kind=9 width=8 default=0 bits=64
    field b12 id=0xff95741912ad9e8a kind=7 width=4 default=0 bits=12
    field b48 id=0xff8b681912a535a1 kind=9 width=8 default=0 bits=48
    lineage wire=0x0f48d5bc4bc8f930 record=32 bytes=07000000d75e4f9e4e6959bf0d2000000006000000c78d4db5070ca608060400000000000000be97ad12197095ff0704000000000000007094b312195c9cff080400000000000000e761ab12197092ff0908000000000000008a9ead12197495ff070400000000000000a135a51219688bff090800000000000000

fixed table RootConfig layout=0x62f9d79647b9c419
    field version_note id=0x8a67c9728746d394 kind=12 width=24 default=bytes: cap=16
    field weapons id=0x41cbd901b87fabb6 kind=14 width=228 default=born:0 held=WeaponConfig@0x9b9993427ecbb51b elem=13/28 bound=8 shape=counted
    field profiles id=0x8181e61fc0436767 kind=14 width=1220 default=born:0 held=ProfileConfig@0xe3db9279b46dbaa4 elem=13/304 bound=4 shape=counted
    lineage wire=0x661ce659c1d53e45 record=1248 bytes=49000000875ef4def643485f0de00400000300000094d3468772c9678a0c1400000000000000b6ab7fb801d9cb410eb40000000100000000000000000000000d1600000006000000c07fb38abe08637f0a0400000000000000d2b1ac02570533170a040000000000000032e9139e30c5314f040400000000000000a4edcad59a3e01a5060400000000000000593f2e60bc8765ad0101000000000000009443f2513bc8c1360f0500000002000000cc69e4e29bbeb5ff0d0400000001000000c6875c803a62dc9a0a0400000000000000d72f3de7edc5cd130d04000000010000006969b1a27efe1381040400000000000000676743c01fe681810e180400000100000000000000000000000d050100000d000000861b638ebaadbcc40c2400000000000000f092206cc54cffdb0e1400000001000000000000000000000006010000000000000069b9801f526d8bab080400000000000000c6af9b2eef88501e020100000000000000750fca90918228b10302000000000000000334f58e3392dc5d050800000000000000185509fe81a9bd10060100000000000000a63f93a80ddb2c8c070200000000000000a66b6e19d19796fc090800000000000000f705bdbaf52784280b0800000000000000f9b00c3d8aeb21b90e100000000100000000000000000000000a04000000000000003c258e140a5e6fa0010100000000000000a3b5bb8675ce59570d9a00000007000000d48ac477299ba8321e010000000300000091c5c4aa397792c42000000000000000008025f1eade1ae5c3200000000000000000b318320d7ec916c4200000000000000000c599f782764e0ad90e080000000100000000000000000000001e010000000300000091c5c4aa397792c42000000000000000008025f1eade1ae5c3200000000000000000b318320d7ec916c42000000000000000004925d7235af46fb40e030000000100000000000000000000001e010000000300000091c5c4aa397792c42000000000000000008025f1eade1ae5c3200000000000000000b318320d7ec916c42000000000000000004ae5967084f5064b09080000000000000039e983f77f1331bf0d1600000006000000c07fb38abe08637f0a0400000000000000d2b1ac02570533170a040000000000000032e9139e30c5314f040400000000000000a4edcad59a3e01a5060400000000000000593f2e60bc8765ad0101000000000000009443f2513bc8c1360f0500000002000000cc69e4e29bbeb5ff0d0400000001000000c6875c803a62dc9a0a0400000000000000d72f3de7edc5cd130d04000000010000006969b1a27efe138104040000000000000024cc8a11f5f028de0e2c0000000100000000000000000000000d1600000006000000c07fb38abe08637f0a0400000000000000d2b1ac02570533170a040000000000000032e9139e30c5314f040400000000000000a4edcad59a3e01a5060400000000000000593f2e60bc8765ad0101000000000000009443f2513bc8c1360f0500000002000000cc69e4e29bbeb5ff0d0400000001000000c6875c803a62dc9a0a0400000000000000d72f3de7edc5cd130d04000000010000006969b1a27efe1381040400000000000000419a244003aa01f90e440000000100000000000000000000000d0800000002000000d131fef61816776a040400000000000000e6b4e78a35d1f9ee0a0400000000000000

fixed table ShipEntry layout=0x8e283d5460596e5c
    field display_name id=0x2d21d7cd66bd5a5d kind=12 width=40 default=bytes: cap=32
    field health id=0x7f69d4b5288ba9cf kind=10 width=4 default=100.0
    field mass id=0x1f3757a2ce7b0ab1 kind=10 width=4 default=1.0
    field hardpoints id=0x95d0cce09ca82b73 kind=14 width=20 default=born:0 min=0 max=8 elem=4/4 bound=4 shape=counted
    field gunner id=0x40dbb648c0cd44aa kind=13 width=37 default=zero held=GunnerSettings@0xa6316f0d3e71e391 optional
    lineage wire=0x1ce562f6d416e6d1 record=98 bytes=0b000000291a17da11991a1d0d62000000050000005d5abd66cdd7212d0c2400000000000000cfa98b28b5d4697f0a0400000000000000b10a7bcea257371f0a0400000000000000732ba89ce0ccd0950e14000000010000000000000000000000040400000000000000aa44cdc048b6db40232200000001000000aa44cdc048b6db400d21000000030000006a64012266a35ab70a0400000000000000bcb002469a71bfa6010100000000000000188884b92746c45b0c1c00000000000000

fixed table TeamConfig layout=0xe3b10d203478487e
    field spawn_count id=0xceec99e2d65db674 kind=4 width=4 default=4 min=0 max=64
    field banner id=0xbca0dab1c7a00ccf kind=12 width=24 default=bytes: cap=16
    lineage wire=0x527038c53c0297c3 record=24 bytes=030000003a11fb115d55f81c0d180000000200000074b65dd6e299ecce040400000000000000cf0ca0c7b1daa0bc0c1400000000000000

fixed table TurretConfig layout=0xd544f891dca5c02d
    field damage id=0x7f6308be8ab37fc0 kind=10 width=4 default=10.0
    field cooldown id=0xdc2cbe6953343d48 kind=10 width=4 default=0.5
    field gunner id=0x40dbb648c0cd44aa kind=13 width=9 default=zero held=GunnerConfig@0xdd5ef1d77231ba48 optional
    lineage wire=0xd8715b0be3854d91 record=14 bytes=0700000015adb2160cba9d460d0e00000003000000c07fb38abe08637f0a0400000000000000483d345369be2cdc0a0400000000000000aa44cdc048b6db40230600000001000000aa44cdc048b6db400d05000000020000006a64012266a35ab70a0400000000000000bcb002469a71bfa6010100000000000000

fixed table WeaponConfig layout=0x9b9993427ecbb51b
    field damage id=0x7f6308be8ab37fc0 kind=10 width=4 default=21.0
    field velocity id=0x1733055702acb1d2 kind=10 width=4 default=500.0
    field penetration id=0x4f31c5309e13e932 kind=4 width=4 default=1 min=0 max=10
    field channel id=0xa5013e9ad5caeda4 kind=6 width=4 default=0 bits=6
    field homing id=0xad6587bc602e3f59 kind=1 width=1 default=false
    field effect id=0x36c1c83b51f24394 kind=15 width=8 default=zero held=Effect@0xea9bfb331d351d05
    lineage wire=0x1b545259baa4f450 record=22 bytes=0b000000c3b0c4860d7877050d1600000006000000c07fb38abe08637f0a0400000000000000d2b1ac02570533170a040000000000000032e9139e30c5314f040400000000000000a4edcad59a3e01a5060400000000000000593f2e60bc8765ad0101000000000000009443f2513bc8c1360f0500000002000000cc69e4e29bbeb5ff0d0400000001000000c6875c803a62dc9a0a0400000000000000d72f3de7edc5cd130d04000000010000006969b1a27efe1381040400000000000000

fixed table WideBlob layout=0xb1f63398915af904
    field label id=0x39f7fcec8fcb623d kind=12 width=70008 default=bytes: cap=70000
    field payload id=0xcfb8a9d063b5e9e5 kind=14 width=70004 default=bytes: elem=6/1 cap=70000
    field samples id=0xe3b1ca6a3b48dddc kind=14 width=140004 default=born:0 elem=7/2 bound=70000 shape=counted
    lineage wire=0x8202b907d4ac81c4 record=280012 bytes=06000000516436d361696aab0dcc450400030000003d62cb8fecfcf7390c7411010000000000e5e9b563d0a9b8cf0e74110100010000000000000000000000060100000000000000dcdd483b6acab1e30ee4220200010000000000000000000000070200000000000000

type Attachment layout=0x203fd5e47e2fd0c8
    field slot id=0x6a771618f6fe31d1 kind=4 width=4 default=0 min=0 max=7
    field power id=0xeef9d1358ae7b4e6 kind=10 width=4 default=1.0

type Buff layout=0x95a2a02bde1f4141
    field multiplier id=0x9adc623a805c87c6 kind=10 width=4 default=1.0

type Debuff layout=0x4c66b13a4d53ad2e
    field amount id=0x8113fe7ea2b16969 kind=4 width=4 default=0 min=0 max=100

type ScoreBoard layout=0xf9839ce4b0161a92
    field per_team id=0xf10fad739a0e1660 kind=16 width=12 default=born:0 min=0 max=100000 elem=4/4 key=Team@0xc490f76cda16c53c bound=3 shape=keyed

enum Difficulty values=0x8c7731ffcc25bee0
    variant Easy
    variant Normal
    variant Hard

enum Grade values=0xc56ae3781a1039bd
    variant Bronze
    variant Silver
    variant Gold

enum Hull values=0xc3cc3881c580dd9d
    variant Interceptor
    variant Gunship
    variant Freighter

enum ShipType values=0xe37048030170f42c
    variant Fighter
    variant Bomber
    variant Scout

enum Team values=0xc490f76cda16c53c
    variant Red
    variant Blue
    variant Green

enum Weapon values=0x56b73a1f4ab4e110
    variant Cannon
    variant Missile
    variant Mine

flags Perks values=0x1f153e786d4f23a7
    variant Shielded
    variant Cloaked
    variant Turbo

union Effect values=0xea9bfb331d351d05
    arm buff payload=Buff@0x95a2a02bde1f4141
    arm debuff payload=Debuff@0x4c66b13a4d53ad2e
